// !$*UTF8*$!
{
	archiveVersion = 1;
	classes = {
	};
	objectVersion = 48;
	objects = {

/* Begin PBXBuildFile section */
		C101C15C1FBD021600AE02C6 /* NativeAppsViewController.swift in Sources */ = {isa = PBXBuildFile; fileRef = C101C15B1FBD021600AE02C6 /* NativeAppsViewController.swift */; };
		C101C19C1FBE243F00AE02C6 /* NativeAppTableViewCell.swift in Sources */ = {isa = PBXBuildFile; fileRef = C101C19B1FBE243F00AE02C6 /* NativeAppTableViewCell.swift */; };
		C101C1A11FBE490900AE02C6 /* RegisterNativeAppViewController.swift in Sources */ = {isa = PBXBuildFile; fileRef = C101C1A01FBE490900AE02C6 /* RegisterNativeAppViewController.swift */; };
		C101C1A31FBE491E00AE02C6 /* NativeAppDetailsViewController.swift in Sources */ = {isa = PBXBuildFile; fileRef = C101C1A21FBE491E00AE02C6 /* NativeAppDetailsViewController.swift */; };
		C101C1A51FBE602E00AE02C6 /* ModalDialogDelegate.swift in Sources */ = {isa = PBXBuildFile; fileRef = C101C1A41FBE602E00AE02C6 /* ModalDialogDelegate.swift */; };
		C101C1A91FC386F600AE02C6 /* NativeAppDetailTableViewCell.swift in Sources */ = {isa = PBXBuildFile; fileRef = C101C1A81FC386F600AE02C6 /* NativeAppDetailTableViewCell.swift */; };
		C118CC671FDF4C71008C4DB5 /* SwaggerTests.swift in Sources */ = {isa = PBXBuildFile; fileRef = C118CC661FDF4C71008C4DB5 /* SwaggerTests.swift */; };
		C118CC6C1FE8727E008C4DB5 /* SwaggerModelsViewController.swift in Sources */ = {isa = PBXBuildFile; fileRef = C118CC6B1FE8727E008C4DB5 /* SwaggerModelsViewController.swift */; };
		C118CC6E1FE87921008C4DB5 /* SwaggerModelTableViewCell.swift in Sources */ = {isa = PBXBuildFile; fileRef = C118CC6D1FE87921008C4DB5 /* SwaggerModelTableViewCell.swift */; };
		C118CC701FE87A5B008C4DB5 /* SwaggerPropertyTableViewCell.swift in Sources */ = {isa = PBXBuildFile; fileRef = C118CC6F1FE87A5B008C4DB5 /* SwaggerPropertyTableViewCell.swift */; };
		C118CC741FE991A3008C4DB5 /* SwaggerModelEditorViewController.swift in Sources */ = {isa = PBXBuildFile; fileRef = C118CC731FE991A3008C4DB5 /* SwaggerModelEditorViewController.swift */; };
		C118CC761FE9BA05008C4DB5 /* SwaggerPropertyDetailTableViewCell.swift in Sources */ = {isa = PBXBuildFile; fileRef = C118CC751FE9BA05008C4DB5 /* SwaggerPropertyDetailTableViewCell.swift */; };
		C118CC781FE9BF3D008C4DB5 /* SwaggerModelReferenceTableViewCell.swift in Sources */ = {isa = PBXBuildFile; fileRef = C118CC771FE9BF3D008C4DB5 /* SwaggerModelReferenceTableViewCell.swift */; };
		C118CC7A1FEADD71008C4DB5 /* SwaggerModelNewPropertyTableCell.swift in Sources */ = {isa = PBXBuildFile; fileRef = C118CC791FEADD71008C4DB5 /* SwaggerModelNewPropertyTableCell.swift */; };
		C118CC7C1FEAE2E0008C4DB5 /* SwaggerPropertyEditorViewController.swift in Sources */ = {isa = PBXBuildFile; fileRef = C118CC7B1FEAE2E0008C4DB5 /* SwaggerPropertyEditorViewController.swift */; };
		C12B8C331FF6C0DA007A03B0 /* SwaggerMethodsViewController.swift in Sources */ = {isa = PBXBuildFile; fileRef = C12B8C321FF6C0DA007A03B0 /* SwaggerMethodsViewController.swift */; };
		C12B8C361FFBFD7F007A03B0 /* SwaggerMethodEditorViewController.swift in Sources */ = {isa = PBXBuildFile; fileRef = C12B8C351FFBFD7F007A03B0 /* SwaggerMethodEditorViewController.swift */; };
		C12B8C381FFC0272007A03B0 /* SwaggerMethodTableViewCell.swift in Sources */ = {isa = PBXBuildFile; fileRef = C12B8C371FFC0272007A03B0 /* SwaggerMethodTableViewCell.swift */; };
		C12B8C3A1FFC0411007A03B0 /* SwaggerArgumentTableViewCell.swift in Sources */ = {isa = PBXBuildFile; fileRef = C12B8C391FFC0411007A03B0 /* SwaggerArgumentTableViewCell.swift */; };
		C12B8C3C1FFD5621007A03B0 /* SwaggerMethodProductsViewController.swift in Sources */ = {isa = PBXBuildFile; fileRef = C12B8C3B1FFD5621007A03B0 /* SwaggerMethodProductsViewController.swift */; };
		C12B8C3E1FFD5638007A03B0 /* SwaggerMethodResponsesViewController.swift in Sources */ = {isa = PBXBuildFile; fileRef = C12B8C3D1FFD5638007A03B0 /* SwaggerMethodResponsesViewController.swift */; };
		C12B8C401FFD564B007A03B0 /* SwaggerMethodTagsViewController.swift in Sources */ = {isa = PBXBuildFile; fileRef = C12B8C3F1FFD564A007A03B0 /* SwaggerMethodTagsViewController.swift */; };
		C12B8C421FFD5CC2007A03B0 /* SwaggerMethodArgumentTableViewCell.swift in Sources */ = {isa = PBXBuildFile; fileRef = C12B8C411FFD5CC2007A03B0 /* SwaggerMethodArgumentTableViewCell.swift */; };
		C1341BE61FCCE336000A338F /* CauldronWrapper.swift in Sources */ = {isa = PBXBuildFile; fileRef = C1341BE51FCCE336000A338F /* CauldronWrapper.swift */; };
		C13631031FFEA4A50085A008 /* SwaggerMethodArgumentEditorViewController.swift in Sources */ = {isa = PBXBuildFile; fileRef = C13631021FFEA4A50085A008 /* SwaggerMethodArgumentEditorViewController.swift */; };
		C144CE981FD9D44400E47EED /* SwaggerObjectModel.swift in Sources */ = {isa = PBXBuildFile; fileRef = C144CE971FD9D44400E47EED /* SwaggerObjectModel.swift */; };
		C144CE9A1FD9D82500E47EED /* SwaggerContainer.swift in Sources */ = {isa = PBXBuildFile; fileRef = C144CE991FD9D82500E47EED /* SwaggerContainer.swift */; };
		C144CE9C1FDB591500E47EED /* SwaggerDataType.swift in Sources */ = {isa = PBXBuildFile; fileRef = C144CE9B1FDB591500E47EED /* SwaggerDataType.swift */; };
		C144CE9E1FDB599B00E47EED /* SwaggerMethodTypeEnum.swift in Sources */ = {isa = PBXBuildFile; fileRef = C144CE9D1FDB599B00E47EED /* SwaggerMethodTypeEnum.swift */; };
		C144CEA01FDB59DD00E47EED /* SwaggerMethodArgument.swift in Sources */ = {isa = PBXBuildFile; fileRef = C144CE9F1FDB59DD00E47EED /* SwaggerMethodArgument.swift */; };
		C144CEA21FDB5A0B00E47EED /* SwaggerResponse.swift in Sources */ = {isa = PBXBuildFile; fileRef = C144CEA11FDB5A0B00E47EED /* SwaggerResponse.swift */; };
		C144CEA41FDB5A3D00E47EED /* SwaggerModelProperty.swift in Sources */ = {isa = PBXBuildFile; fileRef = C144CEA31FDB5A3D00E47EED /* SwaggerModelProperty.swift */; };
		C144CEA61FDB5AB600E47EED /* SwaggerDataTypeEnum.swift in Sources */ = {isa = PBXBuildFile; fileRef = C144CEA51FDB5AB600E47EED /* SwaggerDataTypeEnum.swift */; };
		C144CEA81FDB5AD000E47EED /* SwaggerDataTypeFormatEnum.swift in Sources */ = {isa = PBXBuildFile; fileRef = C144CEA71FDB5AD000E47EED /* SwaggerDataTypeFormatEnum.swift */; };
		C144CEAA1FDB5AEC00E47EED /* SwaggerProductEnum.swift in Sources */ = {isa = PBXBuildFile; fileRef = C144CEA91FDB5AEC00E47EED /* SwaggerProductEnum.swift */; };
		C154A2852017C23700EC6B3B /* SwaggerMethodResponseTableCell.swift in Sources */ = {isa = PBXBuildFile; fileRef = C154A2842017C23700EC6B3B /* SwaggerMethodResponseTableCell.swift */; };
		C154A2872017C25F00EC6B3B /* SwaggerMethodNewResponseTableCell.swift in Sources */ = {isa = PBXBuildFile; fileRef = C154A2862017C25F00EC6B3B /* SwaggerMethodNewResponseTableCell.swift */; };
		C154A28A2017FD1500EC6B3B /* SwaggerContainersViewController.swift in Sources */ = {isa = PBXBuildFile; fileRef = C154A2892017FD1500EC6B3B /* SwaggerContainersViewController.swift */; };
		C154A28D201907D600EC6B3B /* SwaggerContainerEditorViewController.swift in Sources */ = {isa = PBXBuildFile; fileRef = C154A28C201907D600EC6B3B /* SwaggerContainerEditorViewController.swift */; };
		C154A28F20191E2C00EC6B3B /* SwaggerContainerTableCell.swift in Sources */ = {isa = PBXBuildFile; fileRef = C154A28E20191E2C00EC6B3B /* SwaggerContainerTableCell.swift */; };
		C154A29120191E4900EC6B3B /* SwaggerNewContainerTableCell.swift in Sources */ = {isa = PBXBuildFile; fileRef = C154A29020191E4900EC6B3B /* SwaggerNewContainerTableCell.swift */; };
		C154A2932019598100EC6B3B /* SwaggerContainerMethodTableCell.swift in Sources */ = {isa = PBXBuildFile; fileRef = C154A2922019598100EC6B3B /* SwaggerContainerMethodTableCell.swift */; };
		C154A2952019599F00EC6B3B /* SwaggerContainerModelTableCell.swift in Sources */ = {isa = PBXBuildFile; fileRef = C154A2942019599F00EC6B3B /* SwaggerContainerModelTableCell.swift */; };
		C187C7DB1FD7632B00C26311 /* CauldronHomeTableViewCell.swift in Sources */ = {isa = PBXBuildFile; fileRef = C187C7DA1FD7632B00C26311 /* CauldronHomeTableViewCell.swift */; };
		C190D4511FABBFA7002EFA5B /* NPMRequirement.swift in Sources */ = {isa = PBXBuildFile; fileRef = C190D4501FABBFA7002EFA5B /* NPMRequirement.swift */; };
		C190D4531FABD61B002EFA5B /* YarnRequirement.swift in Sources */ = {isa = PBXBuildFile; fileRef = C190D4521FABD61B002EFA5B /* YarnRequirement.swift */; };
		C190D4551FABD803002EFA5B /* XcodeRequirement.swift in Sources */ = {isa = PBXBuildFile; fileRef = C190D4541FABD803002EFA5B /* XcodeRequirement.swift */; };
		C190D4571FACD3FA002EFA5B /* ElectrodeRequirement.swift in Sources */ = {isa = PBXBuildFile; fileRef = C190D4561FACD3FA002EFA5B /* ElectrodeRequirement.swift */; };
		C190D45B1FAD21EC002EFA5B /* ErnWrapper.swift in Sources */ = {isa = PBXBuildFile; fileRef = C190D45A1FAD21EC002EFA5B /* ErnWrapper.swift */; };
		C190D45D1FB0FD6D002EFA5B /* NVMRequirement.swift in Sources */ = {isa = PBXBuildFile; fileRef = C190D45C1FB0FD6D002EFA5B /* NVMRequirement.swift */; };
		C190D45F1FB0FD80002EFA5B /* HomebrewRequirement.swift in Sources */ = {isa = PBXBuildFile; fileRef = C190D45E1FB0FD80002EFA5B /* HomebrewRequirement.swift */; };
		C19E0F681FBA1ED400EC727B /* AndroidStudioRequirement.swift in Sources */ = {isa = PBXBuildFile; fileRef = C19E0F671FBA1ED400EC727B /* AndroidStudioRequirement.swift */; };
		C19E0F6A1FBA562E00EC727B /* RequirementsViewController.swift in Sources */ = {isa = PBXBuildFile; fileRef = C19E0F691FBA562E00EC727B /* RequirementsViewController.swift */; };
		C19E0F6C1FBA611B00EC727B /* RequirementsTableViewCell.swift in Sources */ = {isa = PBXBuildFile; fileRef = C19E0F6B1FBA611B00EC727B /* RequirementsTableViewCell.swift */; };
		C1C774CF1FA3E28300AD269F /* AppDelegate.swift in Sources */ = {isa = PBXBuildFile; fileRef = C1C774CE1FA3E28300AD269F /* AppDelegate.swift */; };
		C1C774D41FA3E28300AD269F /* Ernie.xcdatamodeld in Sources */ = {isa = PBXBuildFile; fileRef = C1C774D21FA3E28300AD269F /* Ernie.xcdatamodeld */; };
		C1C774D61FA3E28300AD269F /* Assets.xcassets in Resources */ = {isa = PBXBuildFile; fileRef = C1C774D51FA3E28300AD269F /* Assets.xcassets */; };
		C1C774D91FA3E28300AD269F /* Main.storyboard in Resources */ = {isa = PBXBuildFile; fileRef = C1C774D71FA3E28300AD269F /* Main.storyboard */; };
		C1C774E51FA3E28300AD269F /* ErnieTests.swift in Sources */ = {isa = PBXBuildFile; fileRef = C1C774E41FA3E28300AD269F /* ErnieTests.swift */; };
		C1C774F11FA3EA7900AD269F /* EnvironmentRequirementDelegate.swift in Sources */ = {isa = PBXBuildFile; fileRef = C1C774F01FA3EA7900AD269F /* EnvironmentRequirementDelegate.swift */; };
		C1C774F31FA3EC5E00AD269F /* NodeJSRequirement.swift in Sources */ = {isa = PBXBuildFile; fileRef = C1C774F21FA3EC5E00AD269F /* NodeJSRequirement.swift */; };
		C1C774F51FA3ECFB00AD269F /* CommandLineHelper.swift in Sources */ = {isa = PBXBuildFile; fileRef = C1C774F41FA3ECFB00AD269F /* CommandLineHelper.swift */; };
		C1CD6FFF1FCC9ADA002C7CBB /* MiniAppsTableViewCell.swift in Sources */ = {isa = PBXBuildFile; fileRef = C1CD6FFE1FCC9ADA002C7CBB /* MiniAppsTableViewCell.swift */; };
		C1CD70011FCC9AF8002C7CBB /* MiniAppsContainerTableViewCell.swift in Sources */ = {isa = PBXBuildFile; fileRef = C1CD70001FCC9AF8002C7CBB /* MiniAppsContainerTableViewCell.swift */; };
		C1CD70041FCCA1C5002C7CBB /* MiniAppEditorViewController.swift in Sources */ = {isa = PBXBuildFile; fileRef = C1CD70031FCCA1C5002C7CBB /* MiniAppEditorViewController.swift */; };
		C1CD70061FCCA1FA002C7CBB /* ContainerSelectionTableViewCell.swift in Sources */ = {isa = PBXBuildFile; fileRef = C1CD70051FCCA1FA002C7CBB /* ContainerSelectionTableViewCell.swift */; };
		C1CD70091FCCDCD0002C7CBB /* CauldronHomeViewController.swift in Sources */ = {isa = PBXBuildFile; fileRef = C1CD70081FCCDCD0002C7CBB /* CauldronHomeViewController.swift */; };
		C1CD700B1FCCE14D002C7CBB /* CauldronAnalyzeViewController.swift in Sources */ = {isa = PBXBuildFile; fileRef = C1CD700A1FCCE14D002C7CBB /* CauldronAnalyzeViewController.swift */; };
		C1D45861201BACB30009A876 /* SwaggerBodyViewController.swift in Sources */ = {isa = PBXBuildFile; fileRef = C1D45860201BACB30009A876 /* SwaggerBodyViewController.swift */; };
		C1DE4154201661DF00E15A5F /* SwaggerMethodTagTableCell.swift in Sources */ = {isa = PBXBuildFile; fileRef = C1DE4153201661DF00E15A5F /* SwaggerMethodTagTableCell.swift */; };
		C1E854F71FC396FF00CE90DD /* ContainersViewController.swift in Sources */ = {isa = PBXBuildFile; fileRef = C1E854F61FC396FF00CE90DD /* ContainersViewController.swift */; };
		C1E854F91FC3972D00CE90DD /* ContainersTableViewCell.swift in Sources */ = {isa = PBXBuildFile; fileRef = C1E854F81FC3972D00CE90DD /* ContainersTableViewCell.swift */; };
		C1E854FB1FC4AFBD00CE90DD /* ContainersMiniAppTableViewCell.swift in Sources */ = {isa = PBXBuildFile; fileRef = C1E854FA1FC4AFBD00CE90DD /* ContainersMiniAppTableViewCell.swift */; };
		C1E854FD1FC4D99D00CE90DD /* ContainerEditorViewController.swift in Sources */ = {isa = PBXBuildFile; fileRef = C1E854FC1FC4D99D00CE90DD /* ContainerEditorViewController.swift */; };
		C1E854FF1FC4E69F00CE90DD /* MiniAppSelectionTableViewCell.swift in Sources */ = {isa = PBXBuildFile; fileRef = C1E854FE1FC4E69F00CE90DD /* MiniAppSelectionTableViewCell.swift */; };
		C1E855031FC633FC00CE90DD /* MiniAppsViewController.swift in Sources */ = {isa = PBXBuildFile; fileRef = C1E855021FC633FC00CE90DD /* MiniAppsViewController.swift */; };
		C1E96C2A1FAA90AB00A460EA /* EnvironmentRequirement.swift in Sources */ = {isa = PBXBuildFile; fileRef = C1E96C291FAA90AB00A460EA /* EnvironmentRequirement.swift */; };
		C1ECBDE21FD9CAE400C273C1 /* SwaggerMethod.swift in Sources */ = {isa = PBXBuildFile; fileRef = C1ECBDE11FD9CAE400C273C1 /* SwaggerMethod.swift */; };
/* End PBXBuildFile section */

/* Begin PBXContainerItemProxy section */
		C1C774E11FA3E28300AD269F /* PBXContainerItemProxy */ = {
			isa = PBXContainerItemProxy;
			containerPortal = C1C774C31FA3E28300AD269F /* Project object */;
			proxyType = 1;
			remoteGlobalIDString = C1C774CA1FA3E28300AD269F;
			remoteInfo = Ernie;
		};
/* End PBXContainerItemProxy section */

/* Begin PBXFileReference section */
		C101C15B1FBD021600AE02C6 /* NativeAppsViewController.swift */ = {isa = PBXFileReference; lastKnownFileType = sourcecode.swift; path = NativeAppsViewController.swift; sourceTree = "<group>"; };
		C101C19B1FBE243F00AE02C6 /* NativeAppTableViewCell.swift */ = {isa = PBXFileReference; lastKnownFileType = sourcecode.swift; path = NativeAppTableViewCell.swift; sourceTree = "<group>"; };
		C101C1A01FBE490900AE02C6 /* RegisterNativeAppViewController.swift */ = {isa = PBXFileReference; lastKnownFileType = sourcecode.swift; path = RegisterNativeAppViewController.swift; sourceTree = "<group>"; };
		C101C1A21FBE491E00AE02C6 /* NativeAppDetailsViewController.swift */ = {isa = PBXFileReference; lastKnownFileType = sourcecode.swift; path = NativeAppDetailsViewController.swift; sourceTree = "<group>"; };
		C101C1A41FBE602E00AE02C6 /* ModalDialogDelegate.swift */ = {isa = PBXFileReference; lastKnownFileType = sourcecode.swift; path = ModalDialogDelegate.swift; sourceTree = "<group>"; };
		C101C1A81FC386F600AE02C6 /* NativeAppDetailTableViewCell.swift */ = {isa = PBXFileReference; lastKnownFileType = sourcecode.swift; path = NativeAppDetailTableViewCell.swift; sourceTree = "<group>"; };
		C118CC661FDF4C71008C4DB5 /* SwaggerTests.swift */ = {isa = PBXFileReference; lastKnownFileType = sourcecode.swift; path = SwaggerTests.swift; sourceTree = "<group>"; };
		C118CC6B1FE8727E008C4DB5 /* SwaggerModelsViewController.swift */ = {isa = PBXFileReference; lastKnownFileType = sourcecode.swift; path = SwaggerModelsViewController.swift; sourceTree = "<group>"; };
		C118CC6D1FE87921008C4DB5 /* SwaggerModelTableViewCell.swift */ = {isa = PBXFileReference; lastKnownFileType = sourcecode.swift; path = SwaggerModelTableViewCell.swift; sourceTree = "<group>"; };
		C118CC6F1FE87A5B008C4DB5 /* SwaggerPropertyTableViewCell.swift */ = {isa = PBXFileReference; lastKnownFileType = sourcecode.swift; path = SwaggerPropertyTableViewCell.swift; sourceTree = "<group>"; };
		C118CC731FE991A3008C4DB5 /* SwaggerModelEditorViewController.swift */ = {isa = PBXFileReference; lastKnownFileType = sourcecode.swift; path = SwaggerModelEditorViewController.swift; sourceTree = "<group>"; };
		C118CC751FE9BA05008C4DB5 /* SwaggerPropertyDetailTableViewCell.swift */ = {isa = PBXFileReference; lastKnownFileType = sourcecode.swift; path = SwaggerPropertyDetailTableViewCell.swift; sourceTree = "<group>"; };
		C118CC771FE9BF3D008C4DB5 /* SwaggerModelReferenceTableViewCell.swift */ = {isa = PBXFileReference; lastKnownFileType = sourcecode.swift; path = SwaggerModelReferenceTableViewCell.swift; sourceTree = "<group>"; };
		C118CC791FEADD71008C4DB5 /* SwaggerModelNewPropertyTableCell.swift */ = {isa = PBXFileReference; lastKnownFileType = sourcecode.swift; path = SwaggerModelNewPropertyTableCell.swift; sourceTree = "<group>"; };
		C118CC7B1FEAE2E0008C4DB5 /* SwaggerPropertyEditorViewController.swift */ = {isa = PBXFileReference; lastKnownFileType = sourcecode.swift; path = SwaggerPropertyEditorViewController.swift; sourceTree = "<group>"; };
		C12B8C321FF6C0DA007A03B0 /* SwaggerMethodsViewController.swift */ = {isa = PBXFileReference; lastKnownFileType = sourcecode.swift; path = SwaggerMethodsViewController.swift; sourceTree = "<group>"; };
		C12B8C351FFBFD7F007A03B0 /* SwaggerMethodEditorViewController.swift */ = {isa = PBXFileReference; lastKnownFileType = sourcecode.swift; path = SwaggerMethodEditorViewController.swift; sourceTree = "<group>"; };
		C12B8C371FFC0272007A03B0 /* SwaggerMethodTableViewCell.swift */ = {isa = PBXFileReference; lastKnownFileType = sourcecode.swift; path = SwaggerMethodTableViewCell.swift; sourceTree = "<group>"; };
		C12B8C391FFC0411007A03B0 /* SwaggerArgumentTableViewCell.swift */ = {isa = PBXFileReference; lastKnownFileType = sourcecode.swift; path = SwaggerArgumentTableViewCell.swift; sourceTree = "<group>"; };
		C12B8C3B1FFD5621007A03B0 /* SwaggerMethodProductsViewController.swift */ = {isa = PBXFileReference; lastKnownFileType = sourcecode.swift; path = SwaggerMethodProductsViewController.swift; sourceTree = "<group>"; };
		C12B8C3D1FFD5638007A03B0 /* SwaggerMethodResponsesViewController.swift */ = {isa = PBXFileReference; lastKnownFileType = sourcecode.swift; path = SwaggerMethodResponsesViewController.swift; sourceTree = "<group>"; };
		C12B8C3F1FFD564A007A03B0 /* SwaggerMethodTagsViewController.swift */ = {isa = PBXFileReference; lastKnownFileType = sourcecode.swift; path = SwaggerMethodTagsViewController.swift; sourceTree = "<group>"; };
		C12B8C411FFD5CC2007A03B0 /* SwaggerMethodArgumentTableViewCell.swift */ = {isa = PBXFileReference; lastKnownFileType = sourcecode.swift; path = SwaggerMethodArgumentTableViewCell.swift; sourceTree = "<group>"; };
		C1341BE51FCCE336000A338F /* CauldronWrapper.swift */ = {isa = PBXFileReference; lastKnownFileType = sourcecode.swift; path = CauldronWrapper.swift; sourceTree = "<group>"; };
		C13631021FFEA4A50085A008 /* SwaggerMethodArgumentEditorViewController.swift */ = {isa = PBXFileReference; lastKnownFileType = sourcecode.swift; path = SwaggerMethodArgumentEditorViewController.swift; sourceTree = "<group>"; };
		C144CE971FD9D44400E47EED /* SwaggerObjectModel.swift */ = {isa = PBXFileReference; lastKnownFileType = sourcecode.swift; path = SwaggerObjectModel.swift; sourceTree = "<group>"; };
		C144CE991FD9D82500E47EED /* SwaggerContainer.swift */ = {isa = PBXFileReference; lastKnownFileType = sourcecode.swift; path = SwaggerContainer.swift; sourceTree = "<group>"; };
		C144CE9B1FDB591500E47EED /* SwaggerDataType.swift */ = {isa = PBXFileReference; lastKnownFileType = sourcecode.swift; path = SwaggerDataType.swift; sourceTree = "<group>"; };
		C144CE9D1FDB599B00E47EED /* SwaggerMethodTypeEnum.swift */ = {isa = PBXFileReference; lastKnownFileType = sourcecode.swift; path = SwaggerMethodTypeEnum.swift; sourceTree = "<group>"; };
		C144CE9F1FDB59DD00E47EED /* SwaggerMethodArgument.swift */ = {isa = PBXFileReference; lastKnownFileType = sourcecode.swift; path = SwaggerMethodArgument.swift; sourceTree = "<group>"; };
		C144CEA11FDB5A0B00E47EED /* SwaggerResponse.swift */ = {isa = PBXFileReference; lastKnownFileType = sourcecode.swift; path = SwaggerResponse.swift; sourceTree = "<group>"; };
		C144CEA31FDB5A3D00E47EED /* SwaggerModelProperty.swift */ = {isa = PBXFileReference; lastKnownFileType = sourcecode.swift; path = SwaggerModelProperty.swift; sourceTree = "<group>"; };
		C144CEA51FDB5AB600E47EED /* SwaggerDataTypeEnum.swift */ = {isa = PBXFileReference; lastKnownFileType = sourcecode.swift; path = SwaggerDataTypeEnum.swift; sourceTree = "<group>"; };
		C144CEA71FDB5AD000E47EED /* SwaggerDataTypeFormatEnum.swift */ = {isa = PBXFileReference; lastKnownFileType = sourcecode.swift; path = SwaggerDataTypeFormatEnum.swift; sourceTree = "<group>"; };
		C144CEA91FDB5AEC00E47EED /* SwaggerProductEnum.swift */ = {isa = PBXFileReference; lastKnownFileType = sourcecode.swift; path = SwaggerProductEnum.swift; sourceTree = "<group>"; };
		C154A2842017C23700EC6B3B /* SwaggerMethodResponseTableCell.swift */ = {isa = PBXFileReference; lastKnownFileType = sourcecode.swift; path = SwaggerMethodResponseTableCell.swift; sourceTree = "<group>"; };
		C154A2862017C25F00EC6B3B /* SwaggerMethodNewResponseTableCell.swift */ = {isa = PBXFileReference; lastKnownFileType = sourcecode.swift; path = SwaggerMethodNewResponseTableCell.swift; sourceTree = "<group>"; };
		C154A2892017FD1500EC6B3B /* SwaggerContainersViewController.swift */ = {isa = PBXFileReference; lastKnownFileType = sourcecode.swift; path = SwaggerContainersViewController.swift; sourceTree = "<group>"; };
		C154A28C201907D600EC6B3B /* SwaggerContainerEditorViewController.swift */ = {isa = PBXFileReference; lastKnownFileType = sourcecode.swift; path = SwaggerContainerEditorViewController.swift; sourceTree = "<group>"; };
		C154A28E20191E2C00EC6B3B /* SwaggerContainerTableCell.swift */ = {isa = PBXFileReference; lastKnownFileType = sourcecode.swift; path = SwaggerContainerTableCell.swift; sourceTree = "<group>"; };
		C154A29020191E4900EC6B3B /* SwaggerNewContainerTableCell.swift */ = {isa = PBXFileReference; lastKnownFileType = sourcecode.swift; path = SwaggerNewContainerTableCell.swift; sourceTree = "<group>"; };
		C154A2922019598100EC6B3B /* SwaggerContainerMethodTableCell.swift */ = {isa = PBXFileReference; lastKnownFileType = sourcecode.swift; path = SwaggerContainerMethodTableCell.swift; sourceTree = "<group>"; };
		C154A2942019599F00EC6B3B /* SwaggerContainerModelTableCell.swift */ = {isa = PBXFileReference; lastKnownFileType = sourcecode.swift; path = SwaggerContainerModelTableCell.swift; sourceTree = "<group>"; };
		C187C7DA1FD7632B00C26311 /* CauldronHomeTableViewCell.swift */ = {isa = PBXFileReference; lastKnownFileType = sourcecode.swift; path = CauldronHomeTableViewCell.swift; sourceTree = "<group>"; };
		C190D4501FABBFA7002EFA5B /* NPMRequirement.swift */ = {isa = PBXFileReference; lastKnownFileType = sourcecode.swift; path = NPMRequirement.swift; sourceTree = "<group>"; };
		C190D4521FABD61B002EFA5B /* YarnRequirement.swift */ = {isa = PBXFileReference; lastKnownFileType = sourcecode.swift; path = YarnRequirement.swift; sourceTree = "<group>"; };
		C190D4541FABD803002EFA5B /* XcodeRequirement.swift */ = {isa = PBXFileReference; lastKnownFileType = sourcecode.swift; path = XcodeRequirement.swift; sourceTree = "<group>"; };
		C190D4561FACD3FA002EFA5B /* ElectrodeRequirement.swift */ = {isa = PBXFileReference; lastKnownFileType = sourcecode.swift; path = ElectrodeRequirement.swift; sourceTree = "<group>"; };
		C190D45A1FAD21EC002EFA5B /* ErnWrapper.swift */ = {isa = PBXFileReference; lastKnownFileType = sourcecode.swift; path = ErnWrapper.swift; sourceTree = "<group>"; };
		C190D45C1FB0FD6D002EFA5B /* NVMRequirement.swift */ = {isa = PBXFileReference; lastKnownFileType = sourcecode.swift; path = NVMRequirement.swift; sourceTree = "<group>"; };
		C190D45E1FB0FD80002EFA5B /* HomebrewRequirement.swift */ = {isa = PBXFileReference; lastKnownFileType = sourcecode.swift; path = HomebrewRequirement.swift; sourceTree = "<group>"; };
		C19E0F671FBA1ED400EC727B /* AndroidStudioRequirement.swift */ = {isa = PBXFileReference; lastKnownFileType = sourcecode.swift; path = AndroidStudioRequirement.swift; sourceTree = "<group>"; };
		C19E0F691FBA562E00EC727B /* RequirementsViewController.swift */ = {isa = PBXFileReference; lastKnownFileType = sourcecode.swift; path = RequirementsViewController.swift; sourceTree = "<group>"; };
		C19E0F6B1FBA611B00EC727B /* RequirementsTableViewCell.swift */ = {isa = PBXFileReference; lastKnownFileType = sourcecode.swift; path = RequirementsTableViewCell.swift; sourceTree = "<group>"; };
		C1C774CB1FA3E28300AD269F /* Ernie.app */ = {isa = PBXFileReference; explicitFileType = wrapper.application; includeInIndex = 0; path = Ernie.app; sourceTree = BUILT_PRODUCTS_DIR; };
		C1C774CE1FA3E28300AD269F /* AppDelegate.swift */ = {isa = PBXFileReference; lastKnownFileType = sourcecode.swift; path = AppDelegate.swift; sourceTree = "<group>"; };
		C1C774D31FA3E28300AD269F /* Ernie.xcdatamodel */ = {isa = PBXFileReference; lastKnownFileType = wrapper.xcdatamodel; path = Ernie.xcdatamodel; sourceTree = "<group>"; };
		C1C774D51FA3E28300AD269F /* Assets.xcassets */ = {isa = PBXFileReference; lastKnownFileType = folder.assetcatalog; path = Assets.xcassets; sourceTree = "<group>"; };
		C1C774D81FA3E28300AD269F /* Base */ = {isa = PBXFileReference; lastKnownFileType = file.storyboard; name = Base; path = Base.lproj/Main.storyboard; sourceTree = "<group>"; };
		C1C774DA1FA3E28300AD269F /* Info.plist */ = {isa = PBXFileReference; lastKnownFileType = text.plist.xml; path = Info.plist; sourceTree = "<group>"; };
		C1C774DB1FA3E28300AD269F /* Ernie.entitlements */ = {isa = PBXFileReference; lastKnownFileType = text.plist.entitlements; path = Ernie.entitlements; sourceTree = "<group>"; };
		C1C774E01FA3E28300AD269F /* ErnieTests.xctest */ = {isa = PBXFileReference; explicitFileType = wrapper.cfbundle; includeInIndex = 0; path = ErnieTests.xctest; sourceTree = BUILT_PRODUCTS_DIR; };
		C1C774E41FA3E28300AD269F /* ErnieTests.swift */ = {isa = PBXFileReference; lastKnownFileType = sourcecode.swift; path = ErnieTests.swift; sourceTree = "<group>"; };
		C1C774E61FA3E28300AD269F /* Info.plist */ = {isa = PBXFileReference; lastKnownFileType = text.plist.xml; path = Info.plist; sourceTree = "<group>"; };
		C1C774F01FA3EA7900AD269F /* EnvironmentRequirementDelegate.swift */ = {isa = PBXFileReference; lastKnownFileType = sourcecode.swift; path = EnvironmentRequirementDelegate.swift; sourceTree = "<group>"; };
		C1C774F21FA3EC5E00AD269F /* NodeJSRequirement.swift */ = {isa = PBXFileReference; lastKnownFileType = sourcecode.swift; path = NodeJSRequirement.swift; sourceTree = "<group>"; };
		C1C774F41FA3ECFB00AD269F /* CommandLineHelper.swift */ = {isa = PBXFileReference; lastKnownFileType = sourcecode.swift; path = CommandLineHelper.swift; sourceTree = "<group>"; };
		C1CD6FFE1FCC9ADA002C7CBB /* MiniAppsTableViewCell.swift */ = {isa = PBXFileReference; lastKnownFileType = sourcecode.swift; path = MiniAppsTableViewCell.swift; sourceTree = "<group>"; };
		C1CD70001FCC9AF8002C7CBB /* MiniAppsContainerTableViewCell.swift */ = {isa = PBXFileReference; lastKnownFileType = sourcecode.swift; path = MiniAppsContainerTableViewCell.swift; sourceTree = "<group>"; };
		C1CD70031FCCA1C5002C7CBB /* MiniAppEditorViewController.swift */ = {isa = PBXFileReference; lastKnownFileType = sourcecode.swift; path = MiniAppEditorViewController.swift; sourceTree = "<group>"; };
		C1CD70051FCCA1FA002C7CBB /* ContainerSelectionTableViewCell.swift */ = {isa = PBXFileReference; lastKnownFileType = sourcecode.swift; path = ContainerSelectionTableViewCell.swift; sourceTree = "<group>"; };
		C1CD70081FCCDCD0002C7CBB /* CauldronHomeViewController.swift */ = {isa = PBXFileReference; lastKnownFileType = sourcecode.swift; path = CauldronHomeViewController.swift; sourceTree = "<group>"; };
		C1CD700A1FCCE14D002C7CBB /* CauldronAnalyzeViewController.swift */ = {isa = PBXFileReference; lastKnownFileType = sourcecode.swift; path = CauldronAnalyzeViewController.swift; sourceTree = "<group>"; };
		C1D45860201BACB30009A876 /* SwaggerBodyViewController.swift */ = {isa = PBXFileReference; lastKnownFileType = sourcecode.swift; path = SwaggerBodyViewController.swift; sourceTree = "<group>"; };
		C1DE4153201661DF00E15A5F /* SwaggerMethodTagTableCell.swift */ = {isa = PBXFileReference; lastKnownFileType = sourcecode.swift; path = SwaggerMethodTagTableCell.swift; sourceTree = "<group>"; };
		C1E854F61FC396FF00CE90DD /* ContainersViewController.swift */ = {isa = PBXFileReference; lastKnownFileType = sourcecode.swift; path = ContainersViewController.swift; sourceTree = "<group>"; };
		C1E854F81FC3972D00CE90DD /* ContainersTableViewCell.swift */ = {isa = PBXFileReference; lastKnownFileType = sourcecode.swift; path = ContainersTableViewCell.swift; sourceTree = "<group>"; };
		C1E854FA1FC4AFBD00CE90DD /* ContainersMiniAppTableViewCell.swift */ = {isa = PBXFileReference; lastKnownFileType = sourcecode.swift; path = ContainersMiniAppTableViewCell.swift; sourceTree = "<group>"; };
		C1E854FC1FC4D99D00CE90DD /* ContainerEditorViewController.swift */ = {isa = PBXFileReference; lastKnownFileType = sourcecode.swift; path = ContainerEditorViewController.swift; sourceTree = "<group>"; };
		C1E854FE1FC4E69F00CE90DD /* MiniAppSelectionTableViewCell.swift */ = {isa = PBXFileReference; lastKnownFileType = sourcecode.swift; path = MiniAppSelectionTableViewCell.swift; sourceTree = "<group>"; };
		C1E855021FC633FC00CE90DD /* MiniAppsViewController.swift */ = {isa = PBXFileReference; lastKnownFileType = sourcecode.swift; path = MiniAppsViewController.swift; sourceTree = "<group>"; };
		C1E96C291FAA90AB00A460EA /* EnvironmentRequirement.swift */ = {isa = PBXFileReference; lastKnownFileType = sourcecode.swift; path = EnvironmentRequirement.swift; sourceTree = "<group>"; };
		C1ECBDE11FD9CAE400C273C1 /* SwaggerMethod.swift */ = {isa = PBXFileReference; lastKnownFileType = sourcecode.swift; path = SwaggerMethod.swift; sourceTree = "<group>"; };
/* End PBXFileReference section */

/* Begin PBXFrameworksBuildPhase section */
		C1C774C81FA3E28300AD269F /* Frameworks */ = {
			isa = PBXFrameworksBuildPhase;
			buildActionMask = 2147483647;
			files = (
			);
			runOnlyForDeploymentPostprocessing = 0;
		};
		C1C774DD1FA3E28300AD269F /* Frameworks */ = {
			isa = PBXFrameworksBuildPhase;
			buildActionMask = 2147483647;
			files = (
			);
			runOnlyForDeploymentPostprocessing = 0;
		};
/* End PBXFrameworksBuildPhase section */

/* Begin PBXGroup section */
		C101C19D1FBE489F00AE02C6 /* UI */ = {
			isa = PBXGroup;
			children = (
				C1CD70071FCCDC6D002C7CBB /* Cauldron */,
				C101C1AA1FC394D300AE02C6 /* Containers */,
				C1E855011FC633E300CE90DD /* Mini Apps */,
				C101C19F1FBE48BC00AE02C6 /* Native Apps */,
				C101C19E1FBE48B000AE02C6 /* Requirements */,
				C118CC6A1FE87250008C4DB5 /* Swagger */,
				C101C1A41FBE602E00AE02C6 /* ModalDialogDelegate.swift */,
			);
			path = UI;
			sourceTree = "<group>";
		};
		C101C19E1FBE48B000AE02C6 /* Requirements */ = {
			isa = PBXGroup;
			children = (
				C19E0F691FBA562E00EC727B /* RequirementsViewController.swift */,
				C19E0F6B1FBA611B00EC727B /* RequirementsTableViewCell.swift */,
			);
			path = Requirements;
			sourceTree = "<group>";
		};
		C101C19F1FBE48BC00AE02C6 /* Native Apps */ = {
			isa = PBXGroup;
			children = (
				C101C15B1FBD021600AE02C6 /* NativeAppsViewController.swift */,
				C101C19B1FBE243F00AE02C6 /* NativeAppTableViewCell.swift */,
				C101C1A71FC3834C00AE02C6 /* Details */,
				C101C1A61FC3833600AE02C6 /* Register */,
			);
			path = "Native Apps";
			sourceTree = "<group>";
		};
		C101C1A61FC3833600AE02C6 /* Register */ = {
			isa = PBXGroup;
			children = (
				C101C1A01FBE490900AE02C6 /* RegisterNativeAppViewController.swift */,
			);
			path = Register;
			sourceTree = "<group>";
		};
		C101C1A71FC3834C00AE02C6 /* Details */ = {
			isa = PBXGroup;
			children = (
				C101C1A21FBE491E00AE02C6 /* NativeAppDetailsViewController.swift */,
				C101C1A81FC386F600AE02C6 /* NativeAppDetailTableViewCell.swift */,
			);
			path = Details;
			sourceTree = "<group>";
		};
		C101C1AA1FC394D300AE02C6 /* Containers */ = {
			isa = PBXGroup;
			children = (
				C1E855001FC633C100CE90DD /* Editor */,
				C1E854F61FC396FF00CE90DD /* ContainersViewController.swift */,
				C1E854F81FC3972D00CE90DD /* ContainersTableViewCell.swift */,
				C1E854FA1FC4AFBD00CE90DD /* ContainersMiniAppTableViewCell.swift */,
			);
			path = Containers;
			sourceTree = "<group>";
		};
		C118CC6A1FE87250008C4DB5 /* Swagger */ = {
			isa = PBXGroup;
			children = (
				C154A2882017FCD900EC6B3B /* Container */,
				C12B8C311FF6C0A7007A03B0 /* Method */,
				C118CC711FE9917B008C4DB5 /* Model */,
			);
			path = Swagger;
			sourceTree = "<group>";
		};
		C118CC711FE9917B008C4DB5 /* Model */ = {
			isa = PBXGroup;
			children = (
				C118CC721FE9918C008C4DB5 /* Editor */,
				C118CC6B1FE8727E008C4DB5 /* SwaggerModelsViewController.swift */,
				C118CC6D1FE87921008C4DB5 /* SwaggerModelTableViewCell.swift */,
				C118CC6F1FE87A5B008C4DB5 /* SwaggerPropertyTableViewCell.swift */,
			);
			path = Model;
			sourceTree = "<group>";
		};
		C118CC721FE9918C008C4DB5 /* Editor */ = {
			isa = PBXGroup;
			children = (
				C118CC731FE991A3008C4DB5 /* SwaggerModelEditorViewController.swift */,
				C118CC751FE9BA05008C4DB5 /* SwaggerPropertyDetailTableViewCell.swift */,
				C118CC771FE9BF3D008C4DB5 /* SwaggerModelReferenceTableViewCell.swift */,
				C118CC791FEADD71008C4DB5 /* SwaggerModelNewPropertyTableCell.swift */,
				C118CC7B1FEAE2E0008C4DB5 /* SwaggerPropertyEditorViewController.swift */,
			);
			path = Editor;
			sourceTree = "<group>";
		};
		C12B8C311FF6C0A7007A03B0 /* Method */ = {
			isa = PBXGroup;
			children = (
				C12B8C341FFBFD61007A03B0 /* Editor */,
				C12B8C321FF6C0DA007A03B0 /* SwaggerMethodsViewController.swift */,
				C12B8C371FFC0272007A03B0 /* SwaggerMethodTableViewCell.swift */,
				C12B8C391FFC0411007A03B0 /* SwaggerArgumentTableViewCell.swift */,
			);
			path = Method;
			sourceTree = "<group>";
		};
		C12B8C341FFBFD61007A03B0 /* Editor */ = {
			isa = PBXGroup;
			children = (
				C12B8C351FFBFD7F007A03B0 /* SwaggerMethodEditorViewController.swift */,
				C12B8C411FFD5CC2007A03B0 /* SwaggerMethodArgumentTableViewCell.swift */,
				C13631021FFEA4A50085A008 /* SwaggerMethodArgumentEditorViewController.swift */,
				C12B8C3B1FFD5621007A03B0 /* SwaggerMethodProductsViewController.swift */,
				C12B8C3D1FFD5638007A03B0 /* SwaggerMethodResponsesViewController.swift */,
				C154A2842017C23700EC6B3B /* SwaggerMethodResponseTableCell.swift */,
				C154A2862017C25F00EC6B3B /* SwaggerMethodNewResponseTableCell.swift */,
				C12B8C3F1FFD564A007A03B0 /* SwaggerMethodTagsViewController.swift */,
				C1DE4153201661DF00E15A5F /* SwaggerMethodTagTableCell.swift */,
			);
			path = Editor;
			sourceTree = "<group>";
		};
		C144CEAB1FDB5B1300E47EED /* Method */ = {
			isa = PBXGroup;
			children = (
				C1ECBDE11FD9CAE400C273C1 /* SwaggerMethod.swift */,
				C144CE9F1FDB59DD00E47EED /* SwaggerMethodArgument.swift */,
				C144CE9D1FDB599B00E47EED /* SwaggerMethodTypeEnum.swift */,
			);
			path = Method;
			sourceTree = "<group>";
		};
		C144CEAC1FDB5B3700E47EED /* Model */ = {
			isa = PBXGroup;
			children = (
				C144CE971FD9D44400E47EED /* SwaggerObjectModel.swift */,
				C144CEA31FDB5A3D00E47EED /* SwaggerModelProperty.swift */,
			);
			path = Model;
			sourceTree = "<group>";
		};
		C144CEAD1FDB5B7D00E47EED /* Container */ = {
			isa = PBXGroup;
			children = (
				C144CE991FD9D82500E47EED /* SwaggerContainer.swift */,
				C144CEA91FDB5AEC00E47EED /* SwaggerProductEnum.swift */,
				C144CEA11FDB5A0B00E47EED /* SwaggerResponse.swift */,
			);
			path = Container;
			sourceTree = "<group>";
		};
		C144CEAE1FDB5BBA00E47EED /* Data Types */ = {
			isa = PBXGroup;
			children = (
				C144CE9B1FDB591500E47EED /* SwaggerDataType.swift */,
				C144CEA51FDB5AB600E47EED /* SwaggerDataTypeEnum.swift */,
				C144CEA71FDB5AD000E47EED /* SwaggerDataTypeFormatEnum.swift */,
			);
			path = "Data Types";
			sourceTree = "<group>";
		};
		C154A2882017FCD900EC6B3B /* Container */ = {
			isa = PBXGroup;
			children = (
				C154A28B201907B700EC6B3B /* Editor */,
				C154A2892017FD1500EC6B3B /* SwaggerContainersViewController.swift */,
				C154A28E20191E2C00EC6B3B /* SwaggerContainerTableCell.swift */,
				C154A29020191E4900EC6B3B /* SwaggerNewContainerTableCell.swift */,
			);
			path = Container;
			sourceTree = "<group>";
		};
		C154A28B201907B700EC6B3B /* Editor */ = {
			isa = PBXGroup;
			children = (
				C154A28C201907D600EC6B3B /* SwaggerContainerEditorViewController.swift */,
				C154A2922019598100EC6B3B /* SwaggerContainerMethodTableCell.swift */,
				C154A2942019599F00EC6B3B /* SwaggerContainerModelTableCell.swift */,
				C1D45860201BACB30009A876 /* SwaggerBodyViewController.swift */,
			);
			path = Editor;
			sourceTree = "<group>";
		};
		C190D4581FACEBDE002EFA5B /* Utilities */ = {
			isa = PBXGroup;
			children = (
				C1C774F41FA3ECFB00AD269F /* CommandLineHelper.swift */,
			);
			path = Utilities;
			sourceTree = "<group>";
		};
		C190D4591FAD21CA002EFA5B /* Tool Wrappers */ = {
			isa = PBXGroup;
			children = (
				C190D45A1FAD21EC002EFA5B /* ErnWrapper.swift */,
				C1341BE51FCCE336000A338F /* CauldronWrapper.swift */,
			);
			path = "Tool Wrappers";
			sourceTree = "<group>";
		};
		C1AD88491FD9C9B500A1F38E /* Swagger */ = {
			isa = PBXGroup;
			children = (
				C144CEAD1FDB5B7D00E47EED /* Container */,
				C144CEAE1FDB5BBA00E47EED /* Data Types */,
				C144CEAB1FDB5B1300E47EED /* Method */,
				C144CEAC1FDB5B3700E47EED /* Model */,
			);
			path = Swagger;
			sourceTree = "<group>";
		};
		C1C774C21FA3E28300AD269F = {
			isa = PBXGroup;
			children = (
				C1C774CD1FA3E28300AD269F /* Ernie */,
				C1C774E31FA3E28300AD269F /* ErnieTests */,
				C1C774CC1FA3E28300AD269F /* Products */,
			);
			sourceTree = "<group>";
		};
		C1C774CC1FA3E28300AD269F /* Products */ = {
			isa = PBXGroup;
			children = (
				C1C774CB1FA3E28300AD269F /* Ernie.app */,
				C1C774E01FA3E28300AD269F /* ErnieTests.xctest */,
			);
			name = Products;
			sourceTree = "<group>";
		};
		C1C774CD1FA3E28300AD269F /* Ernie */ = {
			isa = PBXGroup;
			children = (
				C1AD88491FD9C9B500A1F38E /* Swagger */,
				C1C774EF1FA3E9F800AD269F /* Environment Requirements */,
				C190D4591FAD21CA002EFA5B /* Tool Wrappers */,
				C101C19D1FBE489F00AE02C6 /* UI */,
				C190D4581FACEBDE002EFA5B /* Utilities */,
				C1C774CE1FA3E28300AD269F /* AppDelegate.swift */,
				C1C774D51FA3E28300AD269F /* Assets.xcassets */,
				C1C774D71FA3E28300AD269F /* Main.storyboard */,
				C1C774DA1FA3E28300AD269F /* Info.plist */,
				C1C774DB1FA3E28300AD269F /* Ernie.entitlements */,
				C1C774D21FA3E28300AD269F /* Ernie.xcdatamodeld */,
			);
			path = Ernie;
			sourceTree = "<group>";
		};
		C1C774E31FA3E28300AD269F /* ErnieTests */ = {
			isa = PBXGroup;
			children = (
				C1C774E41FA3E28300AD269F /* ErnieTests.swift */,
				C118CC661FDF4C71008C4DB5 /* SwaggerTests.swift */,
				C1C774E61FA3E28300AD269F /* Info.plist */,
			);
			path = ErnieTests;
			sourceTree = "<group>";
		};
		C1C774EF1FA3E9F800AD269F /* Environment Requirements */ = {
			isa = PBXGroup;
			children = (
				C19E0F671FBA1ED400EC727B /* AndroidStudioRequirement.swift */,
				C190D4561FACD3FA002EFA5B /* ElectrodeRequirement.swift */,
				C1E96C291FAA90AB00A460EA /* EnvironmentRequirement.swift */,
				C1C774F01FA3EA7900AD269F /* EnvironmentRequirementDelegate.swift */,
				C190D45E1FB0FD80002EFA5B /* HomebrewRequirement.swift */,
				C1C774F21FA3EC5E00AD269F /* NodeJSRequirement.swift */,
				C190D4501FABBFA7002EFA5B /* NPMRequirement.swift */,
				C190D45C1FB0FD6D002EFA5B /* NVMRequirement.swift */,
				C190D4541FABD803002EFA5B /* XcodeRequirement.swift */,
				C190D4521FABD61B002EFA5B /* YarnRequirement.swift */,
			);
			path = "Environment Requirements";
			sourceTree = "<group>";
		};
		C1CD70021FCCA18F002C7CBB /* Editor */ = {
			isa = PBXGroup;
			children = (
				C1CD70031FCCA1C5002C7CBB /* MiniAppEditorViewController.swift */,
				C1CD70051FCCA1FA002C7CBB /* ContainerSelectionTableViewCell.swift */,
			);
			path = Editor;
			sourceTree = "<group>";
		};
		C1CD70071FCCDC6D002C7CBB /* Cauldron */ = {
			isa = PBXGroup;
			children = (
				C1CD700A1FCCE14D002C7CBB /* CauldronAnalyzeViewController.swift */,
				C1CD70081FCCDCD0002C7CBB /* CauldronHomeViewController.swift */,
				C187C7DA1FD7632B00C26311 /* CauldronHomeTableViewCell.swift */,
			);
			path = Cauldron;
			sourceTree = "<group>";
		};
		C1E855001FC633C100CE90DD /* Editor */ = {
			isa = PBXGroup;
			children = (
				C1E854FC1FC4D99D00CE90DD /* ContainerEditorViewController.swift */,
				C1E854FE1FC4E69F00CE90DD /* MiniAppSelectionTableViewCell.swift */,
			);
			path = Editor;
			sourceTree = "<group>";
		};
		C1E855011FC633E300CE90DD /* Mini Apps */ = {
			isa = PBXGroup;
			children = (
				C1CD70021FCCA18F002C7CBB /* Editor */,
				C1E855021FC633FC00CE90DD /* MiniAppsViewController.swift */,
				C1CD6FFE1FCC9ADA002C7CBB /* MiniAppsTableViewCell.swift */,
				C1CD70001FCC9AF8002C7CBB /* MiniAppsContainerTableViewCell.swift */,
			);
			path = "Mini Apps";
			sourceTree = "<group>";
		};
/* End PBXGroup section */

/* Begin PBXNativeTarget section */
		C1C774CA1FA3E28300AD269F /* Ernie */ = {
			isa = PBXNativeTarget;
			buildConfigurationList = C1C774E91FA3E28300AD269F /* Build configuration list for PBXNativeTarget "Ernie" */;
			buildPhases = (
				C1C774C71FA3E28300AD269F /* Sources */,
				C1C774C81FA3E28300AD269F /* Frameworks */,
				C1C774C91FA3E28300AD269F /* Resources */,
			);
			buildRules = (
			);
			dependencies = (
			);
			name = Ernie;
			productName = Ernie;
			productReference = C1C774CB1FA3E28300AD269F /* Ernie.app */;
			productType = "com.apple.product-type.application";
		};
		C1C774DF1FA3E28300AD269F /* ErnieTests */ = {
			isa = PBXNativeTarget;
			buildConfigurationList = C1C774EC1FA3E28300AD269F /* Build configuration list for PBXNativeTarget "ErnieTests" */;
			buildPhases = (
				C1C774DC1FA3E28300AD269F /* Sources */,
				C1C774DD1FA3E28300AD269F /* Frameworks */,
				C1C774DE1FA3E28300AD269F /* Resources */,
			);
			buildRules = (
			);
			dependencies = (
				C1C774E21FA3E28300AD269F /* PBXTargetDependency */,
			);
			name = ErnieTests;
			productName = ErnieTests;
			productReference = C1C774E01FA3E28300AD269F /* ErnieTests.xctest */;
			productType = "com.apple.product-type.bundle.unit-test";
		};
/* End PBXNativeTarget section */

/* Begin PBXProject section */
		C1C774C31FA3E28300AD269F /* Project object */ = {
			isa = PBXProject;
			attributes = {
				LastSwiftUpdateCheck = 0900;
				LastUpgradeCheck = 0900;
				ORGANIZATIONNAME = "Randy Haid";
				TargetAttributes = {
					C1C774CA1FA3E28300AD269F = {
						CreatedOnToolsVersion = 9.0.1;
						ProvisioningStyle = Automatic;
					};
					C1C774DF1FA3E28300AD269F = {
						CreatedOnToolsVersion = 9.0.1;
						ProvisioningStyle = Automatic;
						TestTargetID = C1C774CA1FA3E28300AD269F;
					};
				};
			};
			buildConfigurationList = C1C774C61FA3E28300AD269F /* Build configuration list for PBXProject "Ernie" */;
			compatibilityVersion = "Xcode 8.0";
			developmentRegion = en;
			hasScannedForEncodings = 0;
			knownRegions = (
				en,
				Base,
			);
			mainGroup = C1C774C21FA3E28300AD269F;
			productRefGroup = C1C774CC1FA3E28300AD269F /* Products */;
			projectDirPath = "";
			projectRoot = "";
			targets = (
				C1C774CA1FA3E28300AD269F /* Ernie */,
				C1C774DF1FA3E28300AD269F /* ErnieTests */,
			);
		};
/* End PBXProject section */

/* Begin PBXResourcesBuildPhase section */
		C1C774C91FA3E28300AD269F /* Resources */ = {
			isa = PBXResourcesBuildPhase;
			buildActionMask = 2147483647;
			files = (
				C1C774D61FA3E28300AD269F /* Assets.xcassets in Resources */,
				C1C774D91FA3E28300AD269F /* Main.storyboard in Resources */,
			);
			runOnlyForDeploymentPostprocessing = 0;
		};
		C1C774DE1FA3E28300AD269F /* Resources */ = {
			isa = PBXResourcesBuildPhase;
			buildActionMask = 2147483647;
			files = (
			);
			runOnlyForDeploymentPostprocessing = 0;
		};
/* End PBXResourcesBuildPhase section */

/* Begin PBXSourcesBuildPhase section */
		C1C774C71FA3E28300AD269F /* Sources */ = {
			isa = PBXSourcesBuildPhase;
			buildActionMask = 2147483647;
			files = (
				C190D4571FACD3FA002EFA5B /* ElectrodeRequirement.swift in Sources */,
				C1D45861201BACB30009A876 /* SwaggerBodyViewController.swift in Sources */,
				C190D45B1FAD21EC002EFA5B /* ErnWrapper.swift in Sources */,
				C12B8C421FFD5CC2007A03B0 /* SwaggerMethodArgumentTableViewCell.swift in Sources */,
				C118CC761FE9BA05008C4DB5 /* SwaggerPropertyDetailTableViewCell.swift in Sources */,
				C12B8C401FFD564B007A03B0 /* SwaggerMethodTagsViewController.swift in Sources */,
				C101C19C1FBE243F00AE02C6 /* NativeAppTableViewCell.swift in Sources */,
				C101C1A11FBE490900AE02C6 /* RegisterNativeAppViewController.swift in Sources */,
				C144CE9A1FD9D82500E47EED /* SwaggerContainer.swift in Sources */,
				C1CD70011FCC9AF8002C7CBB /* MiniAppsContainerTableViewCell.swift in Sources */,
				C1C774F11FA3EA7900AD269F /* EnvironmentRequirementDelegate.swift in Sources */,
				C1E854FF1FC4E69F00CE90DD /* MiniAppSelectionTableViewCell.swift in Sources */,
				C154A29120191E4900EC6B3B /* SwaggerNewContainerTableCell.swift in Sources */,
				C1DE4154201661DF00E15A5F /* SwaggerMethodTagTableCell.swift in Sources */,
				C1CD70041FCCA1C5002C7CBB /* MiniAppEditorViewController.swift in Sources */,
				C1C774F51FA3ECFB00AD269F /* CommandLineHelper.swift in Sources */,
				C190D4511FABBFA7002EFA5B /* NPMRequirement.swift in Sources */,
				C12B8C331FF6C0DA007A03B0 /* SwaggerMethodsViewController.swift in Sources */,
				C118CC781FE9BF3D008C4DB5 /* SwaggerModelReferenceTableViewCell.swift in Sources */,
				C1341BE61FCCE336000A338F /* CauldronWrapper.swift in Sources */,
				C144CEA81FDB5AD000E47EED /* SwaggerDataTypeFormatEnum.swift in Sources */,
				C12B8C3C1FFD5621007A03B0 /* SwaggerMethodProductsViewController.swift in Sources */,
				C118CC6E1FE87921008C4DB5 /* SwaggerModelTableViewCell.swift in Sources */,
				C154A2952019599F00EC6B3B /* SwaggerContainerModelTableCell.swift in Sources */,
				C118CC6C1FE8727E008C4DB5 /* SwaggerModelsViewController.swift in Sources */,
				C118CC7C1FEAE2E0008C4DB5 /* SwaggerPropertyEditorViewController.swift in Sources */,
				C1CD70091FCCDCD0002C7CBB /* CauldronHomeViewController.swift in Sources */,
				C190D4531FABD61B002EFA5B /* YarnRequirement.swift in Sources */,
				C19E0F681FBA1ED400EC727B /* AndroidStudioRequirement.swift in Sources */,
				C1CD70061FCCA1FA002C7CBB /* ContainerSelectionTableViewCell.swift in Sources */,
				C154A2872017C25F00EC6B3B /* SwaggerMethodNewResponseTableCell.swift in Sources */,
				C1C774F31FA3EC5E00AD269F /* NodeJSRequirement.swift in Sources */,
				C154A28F20191E2C00EC6B3B /* SwaggerContainerTableCell.swift in Sources */,
				C1E855031FC633FC00CE90DD /* MiniAppsViewController.swift in Sources */,
				C1E854F91FC3972D00CE90DD /* ContainersTableViewCell.swift in Sources */,
				C1CD6FFF1FCC9ADA002C7CBB /* MiniAppsTableViewCell.swift in Sources */,
				C1E854FD1FC4D99D00CE90DD /* ContainerEditorViewController.swift in Sources */,
				C144CEAA1FDB5AEC00E47EED /* SwaggerProductEnum.swift in Sources */,
				C118CC7A1FEADD71008C4DB5 /* SwaggerModelNewPropertyTableCell.swift in Sources */,
				C101C1A91FC386F600AE02C6 /* NativeAppDetailTableViewCell.swift in Sources */,
				C144CE981FD9D44400E47EED /* SwaggerObjectModel.swift in Sources */,
				C19E0F6C1FBA611B00EC727B /* RequirementsTableViewCell.swift in Sources */,
				C13631031FFEA4A50085A008 /* SwaggerMethodArgumentEditorViewController.swift in Sources */,
				C12B8C361FFBFD7F007A03B0 /* SwaggerMethodEditorViewController.swift in Sources */,
				C12B8C3A1FFC0411007A03B0 /* SwaggerArgumentTableViewCell.swift in Sources */,
				C154A28D201907D600EC6B3B /* SwaggerContainerEditorViewController.swift in Sources */,
				C144CEA61FDB5AB600E47EED /* SwaggerDataTypeEnum.swift in Sources */,
				C190D45F1FB0FD80002EFA5B /* HomebrewRequirement.swift in Sources */,
				C144CEA21FDB5A0B00E47EED /* SwaggerResponse.swift in Sources */,
				C101C1A51FBE602E00AE02C6 /* ModalDialogDelegate.swift in Sources */,
				C144CEA41FDB5A3D00E47EED /* SwaggerModelProperty.swift in Sources */,
				C1ECBDE21FD9CAE400C273C1 /* SwaggerMethod.swift in Sources */,
				C1E854F71FC396FF00CE90DD /* ContainersViewController.swift in Sources */,
				C1E96C2A1FAA90AB00A460EA /* EnvironmentRequirement.swift in Sources */,
				C1C774CF1FA3E28300AD269F /* AppDelegate.swift in Sources */,
				C1E854FB1FC4AFBD00CE90DD /* ContainersMiniAppTableViewCell.swift in Sources */,
				C1CD700B1FCCE14D002C7CBB /* CauldronAnalyzeViewController.swift in Sources */,
				C154A2852017C23700EC6B3B /* SwaggerMethodResponseTableCell.swift in Sources */,
				C19E0F6A1FBA562E00EC727B /* RequirementsViewController.swift in Sources */,
				C144CE9E1FDB599B00E47EED /* SwaggerMethodTypeEnum.swift in Sources */,
				C144CEA01FDB59DD00E47EED /* SwaggerMethodArgument.swift in Sources */,
				C118CC741FE991A3008C4DB5 /* SwaggerModelEditorViewController.swift in Sources */,
				C154A28A2017FD1500EC6B3B /* SwaggerContainersViewController.swift in Sources */,
				C187C7DB1FD7632B00C26311 /* CauldronHomeTableViewCell.swift in Sources */,
				C190D45D1FB0FD6D002EFA5B /* NVMRequirement.swift in Sources */,
				C101C1A31FBE491E00AE02C6 /* NativeAppDetailsViewController.swift in Sources */,
				C118CC701FE87A5B008C4DB5 /* SwaggerPropertyTableViewCell.swift in Sources */,
				C12B8C3E1FFD5638007A03B0 /* SwaggerMethodResponsesViewController.swift in Sources */,
				C144CE9C1FDB591500E47EED /* SwaggerDataType.swift in Sources */,
				C12B8C381FFC0272007A03B0 /* SwaggerMethodTableViewCell.swift in Sources */,
				C154A2932019598100EC6B3B /* SwaggerContainerMethodTableCell.swift in Sources */,
				C101C15C1FBD021600AE02C6 /* NativeAppsViewController.swift in Sources */,
				C1C774D41FA3E28300AD269F /* Ernie.xcdatamodeld in Sources */,
				C190D4551FABD803002EFA5B /* XcodeRequirement.swift in Sources */,
			);
			runOnlyForDeploymentPostprocessing = 0;
		};
		C1C774DC1FA3E28300AD269F /* Sources */ = {
			isa = PBXSourcesBuildPhase;
			buildActionMask = 2147483647;
			files = (
				C118CC671FDF4C71008C4DB5 /* SwaggerTests.swift in Sources */,
				C1C774E51FA3E28300AD269F /* ErnieTests.swift in Sources */,
			);
			runOnlyForDeploymentPostprocessing = 0;
		};
/* End PBXSourcesBuildPhase section */

/* Begin PBXTargetDependency section */
		C1C774E21FA3E28300AD269F /* PBXTargetDependency */ = {
			isa = PBXTargetDependency;
			target = C1C774CA1FA3E28300AD269F /* Ernie */;
			targetProxy = C1C774E11FA3E28300AD269F /* PBXContainerItemProxy */;
		};
/* End PBXTargetDependency section */

/* Begin PBXVariantGroup section */
		C1C774D71FA3E28300AD269F /* Main.storyboard */ = {
			isa = PBXVariantGroup;
			children = (
				C1C774D81FA3E28300AD269F /* Base */,
			);
			name = Main.storyboard;
			sourceTree = "<group>";
		};
/* End PBXVariantGroup section */

/* Begin XCBuildConfiguration section */
		C1C774E71FA3E28300AD269F /* Debug */ = {
			isa = XCBuildConfiguration;
			buildSettings = {
				ALWAYS_SEARCH_USER_PATHS = NO;
				CLANG_ANALYZER_NONNULL = YES;
				CLANG_ANALYZER_NUMBER_OBJECT_CONVERSION = YES_AGGRESSIVE;
				CLANG_CXX_LANGUAGE_STANDARD = "gnu++14";
				CLANG_CXX_LIBRARY = "libc++";
				CLANG_ENABLE_MODULES = YES;
				CLANG_ENABLE_OBJC_ARC = YES;
				CLANG_WARN_BLOCK_CAPTURE_AUTORELEASING = YES;
				CLANG_WARN_BOOL_CONVERSION = YES;
				CLANG_WARN_COMMA = YES;
				CLANG_WARN_CONSTANT_CONVERSION = YES;
				CLANG_WARN_DIRECT_OBJC_ISA_USAGE = YES_ERROR;
				CLANG_WARN_DOCUMENTATION_COMMENTS = YES;
				CLANG_WARN_EMPTY_BODY = YES;
				CLANG_WARN_ENUM_CONVERSION = YES;
				CLANG_WARN_INFINITE_RECURSION = YES;
				CLANG_WARN_INT_CONVERSION = YES;
				CLANG_WARN_NON_LITERAL_NULL_CONVERSION = YES;
				CLANG_WARN_OBJC_LITERAL_CONVERSION = YES;
				CLANG_WARN_OBJC_ROOT_CLASS = YES_ERROR;
				CLANG_WARN_RANGE_LOOP_ANALYSIS = YES;
				CLANG_WARN_STRICT_PROTOTYPES = YES;
				CLANG_WARN_SUSPICIOUS_MOVE = YES;
				CLANG_WARN_UNGUARDED_AVAILABILITY = YES_AGGRESSIVE;
				CLANG_WARN_UNREACHABLE_CODE = YES;
				CLANG_WARN__DUPLICATE_METHOD_MATCH = YES;
				CODE_SIGN_IDENTITY = "-";
				COPY_PHASE_STRIP = NO;
				DEBUG_INFORMATION_FORMAT = dwarf;
				ENABLE_STRICT_OBJC_MSGSEND = YES;
				ENABLE_TESTABILITY = YES;
				GCC_C_LANGUAGE_STANDARD = gnu11;
				GCC_DYNAMIC_NO_PIC = NO;
				GCC_NO_COMMON_BLOCKS = YES;
				GCC_OPTIMIZATION_LEVEL = 0;
				GCC_PREPROCESSOR_DEFINITIONS = (
					"DEBUG=1",
					"$(inherited)",
				);
				GCC_WARN_64_TO_32_BIT_CONVERSION = YES;
				GCC_WARN_ABOUT_RETURN_TYPE = YES_ERROR;
				GCC_WARN_UNDECLARED_SELECTOR = YES;
				GCC_WARN_UNINITIALIZED_AUTOS = YES_AGGRESSIVE;
				GCC_WARN_UNUSED_FUNCTION = YES;
				GCC_WARN_UNUSED_VARIABLE = YES;
				MACOSX_DEPLOYMENT_TARGET = 10.12;
				MTL_ENABLE_DEBUG_INFO = YES;
				ONLY_ACTIVE_ARCH = YES;
				SDKROOT = macosx;
				SWIFT_ACTIVE_COMPILATION_CONDITIONS = DEBUG;
				SWIFT_OPTIMIZATION_LEVEL = "-Onone";
			};
			name = Debug;
		};
		C1C774E81FA3E28300AD269F /* Release */ = {
			isa = XCBuildConfiguration;
			buildSettings = {
				ALWAYS_SEARCH_USER_PATHS = NO;
				CLANG_ANALYZER_NONNULL = YES;
				CLANG_ANALYZER_NUMBER_OBJECT_CONVERSION = YES_AGGRESSIVE;
				CLANG_CXX_LANGUAGE_STANDARD = "gnu++14";
				CLANG_CXX_LIBRARY = "libc++";
				CLANG_ENABLE_MODULES = YES;
				CLANG_ENABLE_OBJC_ARC = YES;
				CLANG_WARN_BLOCK_CAPTURE_AUTORELEASING = YES;
				CLANG_WARN_BOOL_CONVERSION = YES;
				CLANG_WARN_COMMA = YES;
				CLANG_WARN_CONSTANT_CONVERSION = YES;
				CLANG_WARN_DIRECT_OBJC_ISA_USAGE = YES_ERROR;
				CLANG_WARN_DOCUMENTATION_COMMENTS = YES;
				CLANG_WARN_EMPTY_BODY = YES;
				CLANG_WARN_ENUM_CONVERSION = YES;
				CLANG_WARN_INFINITE_RECURSION = YES;
				CLANG_WARN_INT_CONVERSION = YES;
				CLANG_WARN_NON_LITERAL_NULL_CONVERSION = YES;
				CLANG_WARN_OBJC_LITERAL_CONVERSION = YES;
				CLANG_WARN_OBJC_ROOT_CLASS = YES_ERROR;
				CLANG_WARN_RANGE_LOOP_ANALYSIS = YES;
				CLANG_WARN_STRICT_PROTOTYPES = YES;
				CLANG_WARN_SUSPICIOUS_MOVE = YES;
				CLANG_WARN_UNGUARDED_AVAILABILITY = YES_AGGRESSIVE;
				CLANG_WARN_UNREACHABLE_CODE = YES;
				CLANG_WARN__DUPLICATE_METHOD_MATCH = YES;
				CODE_SIGN_IDENTITY = "-";
				COPY_PHASE_STRIP = NO;
				DEBUG_INFORMATION_FORMAT = "dwarf-with-dsym";
				ENABLE_NS_ASSERTIONS = NO;
				ENABLE_STRICT_OBJC_MSGSEND = YES;
				GCC_C_LANGUAGE_STANDARD = gnu11;
				GCC_NO_COMMON_BLOCKS = YES;
				GCC_WARN_64_TO_32_BIT_CONVERSION = YES;
				GCC_WARN_ABOUT_RETURN_TYPE = YES_ERROR;
				GCC_WARN_UNDECLARED_SELECTOR = YES;
				GCC_WARN_UNINITIALIZED_AUTOS = YES_AGGRESSIVE;
				GCC_WARN_UNUSED_FUNCTION = YES;
				GCC_WARN_UNUSED_VARIABLE = YES;
				MACOSX_DEPLOYMENT_TARGET = 10.12;
				MTL_ENABLE_DEBUG_INFO = NO;
				SDKROOT = macosx;
				SWIFT_OPTIMIZATION_LEVEL = "-Owholemodule";
			};
			name = Release;
		};
		C1C774EA1FA3E28300AD269F /* Debug */ = {
			isa = XCBuildConfiguration;
			buildSettings = {
				ASSETCATALOG_COMPILER_APPICON_NAME = AppIcon;
				CODE_SIGN_ENTITLEMENTS = Ernie/Ernie.entitlements;
				CODE_SIGN_STYLE = Automatic;
				COMBINE_HIDPI_IMAGES = YES;
				INFOPLIST_FILE = Ernie/Info.plist;
				LD_RUNPATH_SEARCH_PATHS = "$(inherited) @executable_path/../Frameworks";
				PRODUCT_BUNDLE_IDENTIFIER = WalmartLabs.Ernie;
				PRODUCT_NAME = "$(TARGET_NAME)";
				SWIFT_VERSION = 4.0;
			};
			name = Debug;
		};
		C1C774EB1FA3E28300AD269F /* Release */ = {
			isa = XCBuildConfiguration;
			buildSettings = {
				ASSETCATALOG_COMPILER_APPICON_NAME = AppIcon;
				CODE_SIGN_ENTITLEMENTS = Ernie/Ernie.entitlements;
				CODE_SIGN_STYLE = Automatic;
				COMBINE_HIDPI_IMAGES = YES;
				INFOPLIST_FILE = Ernie/Info.plist;
				LD_RUNPATH_SEARCH_PATHS = "$(inherited) @executable_path/../Frameworks";
				PRODUCT_BUNDLE_IDENTIFIER = WalmartLabs.Ernie;
				PRODUCT_NAME = "$(TARGET_NAME)";
				SWIFT_VERSION = 4.0;
			};
			name = Release;
		};
		C1C774ED1FA3E28300AD269F /* Debug */ = {
			isa = XCBuildConfiguration;
			buildSettings = {
				ALWAYS_EMBED_SWIFT_STANDARD_LIBRARIES = YES;
				BUNDLE_LOADER = "$(TEST_HOST)";
				CODE_SIGN_STYLE = Automatic;
				COMBINE_HIDPI_IMAGES = YES;
				INFOPLIST_FILE = ErnieTests/Info.plist;
				LD_RUNPATH_SEARCH_PATHS = "$(inherited) @executable_path/../Frameworks @loader_path/../Frameworks";
				PRODUCT_BUNDLE_IDENTIFIER = WalmartLabs.ErnieTests;
				PRODUCT_NAME = "$(TARGET_NAME)";
				SWIFT_VERSION = 4.0;
				TEST_HOST = "$(BUILT_PRODUCTS_DIR)/Ernie.app/Contents/MacOS/Ernie";
			};
			name = Debug;
		};
		C1C774EE1FA3E28300AD269F /* Release */ = {
			isa = XCBuildConfiguration;
			buildSettings = {
				ALWAYS_EMBED_SWIFT_STANDARD_LIBRARIES = YES;
				BUNDLE_LOADER = "$(TEST_HOST)";
				CODE_SIGN_STYLE = Automatic;
				COMBINE_HIDPI_IMAGES = YES;
				INFOPLIST_FILE = ErnieTests/Info.plist;
				LD_RUNPATH_SEARCH_PATHS = "$(inherited) @executable_path/../Frameworks @loader_path/../Frameworks";
				PRODUCT_BUNDLE_IDENTIFIER = WalmartLabs.ErnieTests;
				PRODUCT_NAME = "$(TARGET_NAME)";
				SWIFT_VERSION = 4.0;
				TEST_HOST = "$(BUILT_PRODUCTS_DIR)/Ernie.app/Contents/MacOS/Ernie";
			};
			name = Release;
		};
/* End XCBuildConfiguration section */

/* Begin XCConfigurationList section */
		C1C774C61FA3E28300AD269F /* Build configuration list for PBXProject "Ernie" */ = {
			isa = XCConfigurationList;
			buildConfigurations = (
				C1C774E71FA3E28300AD269F /* Debug */,
				C1C774E81FA3E28300AD269F /* Release */,
			);
			defaultConfigurationIsVisible = 0;
			defaultConfigurationName = Release;
		};
		C1C774E91FA3E28300AD269F /* Build configuration list for PBXNativeTarget "Ernie" */ = {
			isa = XCConfigurationList;
			buildConfigurations = (
				C1C774EA1FA3E28300AD269F /* Debug */,
				C1C774EB1FA3E28300AD269F /* Release */,
			);
			defaultConfigurationIsVisible = 0;
			defaultConfigurationName = Release;
		};
		C1C774EC1FA3E28300AD269F /* Build configuration list for PBXNativeTarget "ErnieTests" */ = {
			isa = XCConfigurationList;
			buildConfigurations = (
				C1C774ED1FA3E28300AD269F /* Debug */,
				C1C774EE1FA3E28300AD269F /* Release */,
			);
			defaultConfigurationIsVisible = 0;
			defaultConfigurationName = Release;
		};
/* End XCConfigurationList section */

/* Begin XCVersionGroup section */
		C1C774D21FA3E28300AD269F /* Ernie.xcdatamodeld */ = {
			isa = XCVersionGroup;
			children = (
				C1C774D31FA3E28300AD269F /* Ernie.xcdatamodel */,
			);
			currentVersion = C1C774D31FA3E28300AD269F /* Ernie.xcdatamodel */;
			path = Ernie.xcdatamodeld;
			sourceTree = "<group>";
			versionGroupType = wrapper.xcdatamodel;
		};
/* End XCVersionGroup section */
	};
	rootObject = C1C774C31FA3E28300AD269F /* Project object */;
}
