// !$*UTF8*$!
{
	archiveVersion = 1;
	classes = {
	};
	objectVersion = 48;
	objects = {

/* Begin PBXBuildFile section */
		C190D4511FABBFA7002EFA5B /* NPMRequirement.swift in Sources */ = {isa = PBXBuildFile; fileRef = C190D4501FABBFA7002EFA5B /* NPMRequirement.swift */; };
		C1C774CF1FA3E28300AD269F /* AppDelegate.swift in Sources */ = {isa = PBXBuildFile; fileRef = C1C774CE1FA3E28300AD269F /* AppDelegate.swift */; };
		C1C774D11FA3E28300AD269F /* ViewController.swift in Sources */ = {isa = PBXBuildFile; fileRef = C1C774D01FA3E28300AD269F /* ViewController.swift */; };
		C1C774D41FA3E28300AD269F /* Ernie.xcdatamodeld in Sources */ = {isa = PBXBuildFile; fileRef = C1C774D21FA3E28300AD269F /* Ernie.xcdatamodeld */; };
		C1C774D61FA3E28300AD269F /* Assets.xcassets in Resources */ = {isa = PBXBuildFile; fileRef = C1C774D51FA3E28300AD269F /* Assets.xcassets */; };
		C1C774D91FA3E28300AD269F /* Main.storyboard in Resources */ = {isa = PBXBuildFile; fileRef = C1C774D71FA3E28300AD269F /* Main.storyboard */; };
		C1C774E51FA3E28300AD269F /* ErnieTests.swift in Sources */ = {isa = PBXBuildFile; fileRef = C1C774E41FA3E28300AD269F /* ErnieTests.swift */; };
		C1C774F11FA3EA7900AD269F /* EnvironmentRequirementDelegate.swift in Sources */ = {isa = PBXBuildFile; fileRef = C1C774F01FA3EA7900AD269F /* EnvironmentRequirementDelegate.swift */; };
		C1C774F31FA3EC5E00AD269F /* NodeJSRequirement.swift in Sources */ = {isa = PBXBuildFile; fileRef = C1C774F21FA3EC5E00AD269F /* NodeJSRequirement.swift */; };
		C1C774F51FA3ECFB00AD269F /* CommandLineHelper.swift in Sources */ = {isa = PBXBuildFile; fileRef = C1C774F41FA3ECFB00AD269F /* CommandLineHelper.swift */; };
		C1E96C2A1FAA90AB00A460EA /* EnvironmentRequirement.swift in Sources */ = {isa = PBXBuildFile; fileRef = C1E96C291FAA90AB00A460EA /* EnvironmentRequirement.swift */; };
/* End PBXBuildFile section */

/* Begin PBXContainerItemProxy section */
		C1C774E11FA3E28300AD269F /* PBXContainerItemProxy */ = {
			isa = PBXContainerItemProxy;
			containerPortal = C1C774C31FA3E28300AD269F /* Project object */;
			proxyType = 1;
			remoteGlobalIDString = C1C774CA1FA3E28300AD269F;
			remoteInfo = Ernie;
		};
/* End PBXContainerItemProxy section */

/* Begin PBXFileReference section */
		C190D4501FABBFA7002EFA5B /* NPMRequirement.swift */ = {isa = PBXFileReference; lastKnownFileType = sourcecode.swift; path = NPMRequirement.swift; sourceTree = "<group>"; };
		C1C774CB1FA3E28300AD269F /* Ernie.app */ = {isa = PBXFileReference; explicitFileType = wrapper.application; includeInIndex = 0; path = Ernie.app; sourceTree = BUILT_PRODUCTS_DIR; };
		C1C774CE1FA3E28300AD269F /* AppDelegate.swift */ = {isa = PBXFileReference; lastKnownFileType = sourcecode.swift; path = AppDelegate.swift; sourceTree = "<group>"; };
		C1C774D01FA3E28300AD269F /* ViewController.swift */ = {isa = PBXFileReference; lastKnownFileType = sourcecode.swift; path = ViewController.swift; sourceTree = "<group>"; };
		C1C774D31FA3E28300AD269F /* Ernie.xcdatamodel */ = {isa = PBXFileReference; lastKnownFileType = wrapper.xcdatamodel; path = Ernie.xcdatamodel; sourceTree = "<group>"; };
		C1C774D51FA3E28300AD269F /* Assets.xcassets */ = {isa = PBXFileReference; lastKnownFileType = folder.assetcatalog; path = Assets.xcassets; sourceTree = "<group>"; };
		C1C774D81FA3E28300AD269F /* Base */ = {isa = PBXFileReference; lastKnownFileType = file.storyboard; name = Base; path = Base.lproj/Main.storyboard; sourceTree = "<group>"; };
		C1C774DA1FA3E28300AD269F /* Info.plist */ = {isa = PBXFileReference; lastKnownFileType = text.plist.xml; path = Info.plist; sourceTree = "<group>"; };
		C1C774DB1FA3E28300AD269F /* Ernie.entitlements */ = {isa = PBXFileReference; lastKnownFileType = text.plist.entitlements; path = Ernie.entitlements; sourceTree = "<group>"; };
		C1C774E01FA3E28300AD269F /* ErnieTests.xctest */ = {isa = PBXFileReference; explicitFileType = wrapper.cfbundle; includeInIndex = 0; path = ErnieTests.xctest; sourceTree = BUILT_PRODUCTS_DIR; };
		C1C774E41FA3E28300AD269F /* ErnieTests.swift */ = {isa = PBXFileReference; lastKnownFileType = sourcecode.swift; path = ErnieTests.swift; sourceTree = "<group>"; };
		C1C774E61FA3E28300AD269F /* Info.plist */ = {isa = PBXFileReference; lastKnownFileType = text.plist.xml; path = Info.plist; sourceTree = "<group>"; };
		C1C774F01FA3EA7900AD269F /* EnvironmentRequirementDelegate.swift */ = {isa = PBXFileReference; lastKnownFileType = sourcecode.swift; path = EnvironmentRequirementDelegate.swift; sourceTree = "<group>"; };
		C1C774F21FA3EC5E00AD269F /* NodeJSRequirement.swift */ = {isa = PBXFileReference; lastKnownFileType = sourcecode.swift; path = NodeJSRequirement.swift; sourceTree = "<group>"; };
		C1C774F41FA3ECFB00AD269F /* CommandLineHelper.swift */ = {isa = PBXFileReference; lastKnownFileType = sourcecode.swift; path = CommandLineHelper.swift; sourceTree = "<group>"; };
		C1E96C291FAA90AB00A460EA /* EnvironmentRequirement.swift */ = {isa = PBXFileReference; lastKnownFileType = sourcecode.swift; path = EnvironmentRequirement.swift; sourceTree = "<group>"; };
/* End PBXFileReference section */

/* Begin PBXFrameworksBuildPhase section */
		C1C774C81FA3E28300AD269F /* Frameworks */ = {
			isa = PBXFrameworksBuildPhase;
			buildActionMask = 2147483647;
			files = (
			);
			runOnlyForDeploymentPostprocessing = 0;
		};
		C1C774DD1FA3E28300AD269F /* Frameworks */ = {
			isa = PBXFrameworksBuildPhase;
			buildActionMask = 2147483647;
			files = (
			);
			runOnlyForDeploymentPostprocessing = 0;
		};
/* End PBXFrameworksBuildPhase section */

/* Begin PBXGroup section */
		C1C774C21FA3E28300AD269F = {
			isa = PBXGroup;
			children = (
				C1C774CD1FA3E28300AD269F /* Ernie */,
				C1C774E31FA3E28300AD269F /* ErnieTests */,
				C1C774CC1FA3E28300AD269F /* Products */,
			);
			sourceTree = "<group>";
		};
		C1C774CC1FA3E28300AD269F /* Products */ = {
			isa = PBXGroup;
			children = (
				C1C774CB1FA3E28300AD269F /* Ernie.app */,
				C1C774E01FA3E28300AD269F /* ErnieTests.xctest */,
			);
			name = Products;
			sourceTree = "<group>";
		};
		C1C774CD1FA3E28300AD269F /* Ernie */ = {
			isa = PBXGroup;
			children = (
				C1C774EF1FA3E9F800AD269F /* Environment Requirements */,
				C1C774CE1FA3E28300AD269F /* AppDelegate.swift */,
				C1C774D01FA3E28300AD269F /* ViewController.swift */,
				C1C774F41FA3ECFB00AD269F /* CommandLineHelper.swift */,
				C1C774D51FA3E28300AD269F /* Assets.xcassets */,
				C1C774D71FA3E28300AD269F /* Main.storyboard */,
				C1C774DA1FA3E28300AD269F /* Info.plist */,
				C1C774DB1FA3E28300AD269F /* Ernie.entitlements */,
				C1C774D21FA3E28300AD269F /* Ernie.xcdatamodeld */,
			);
			path = Ernie;
			sourceTree = "<group>";
		};
		C1C774E31FA3E28300AD269F /* ErnieTests */ = {
			isa = PBXGroup;
			children = (
				C1C774E41FA3E28300AD269F /* ErnieTests.swift */,
				C1C774E61FA3E28300AD269F /* Info.plist */,
			);
			path = ErnieTests;
			sourceTree = "<group>";
		};
		C1C774EF1FA3E9F800AD269F /* Environment Requirements */ = {
			isa = PBXGroup;
			children = (
				C1C774F01FA3EA7900AD269F /* EnvironmentRequirementDelegate.swift */,
				C1E96C291FAA90AB00A460EA /* EnvironmentRequirement.swift */,
				C1C774F21FA3EC5E00AD269F /* NodeJSRequirement.swift */,
				C190D4501FABBFA7002EFA5B /* NPMRequirement.swift */,
			);
			path = "Environment Requirements";
			sourceTree = "<group>";
		};
/* End PBXGroup section */

/* Begin PBXNativeTarget section */
		C1C774CA1FA3E28300AD269F /* Ernie */ = {
			isa = PBXNativeTarget;
			buildConfigurationList = C1C774E91FA3E28300AD269F /* Build configuration list for PBXNativeTarget "Ernie" */;
			buildPhases = (
				C1C774C71FA3E28300AD269F /* Sources */,
				C1C774C81FA3E28300AD269F /* Frameworks */,
				C1C774C91FA3E28300AD269F /* Resources */,
			);
			buildRules = (
			);
			dependencies = (
			);
			name = Ernie;
			productName = Ernie;
			productReference = C1C774CB1FA3E28300AD269F /* Ernie.app */;
			productType = "com.apple.product-type.application";
		};
		C1C774DF1FA3E28300AD269F /* ErnieTests */ = {
			isa = PBXNativeTarget;
			buildConfigurationList = C1C774EC1FA3E28300AD269F /* Build configuration list for PBXNativeTarget "ErnieTests" */;
			buildPhases = (
				C1C774DC1FA3E28300AD269F /* Sources */,
				C1C774DD1FA3E28300AD269F /* Frameworks */,
				C1C774DE1FA3E28300AD269F /* Resources */,
			);
			buildRules = (
			);
			dependencies = (
				C1C774E21FA3E28300AD269F /* PBXTargetDependency */,
			);
			name = ErnieTests;
			productName = ErnieTests;
			productReference = C1C774E01FA3E28300AD269F /* ErnieTests.xctest */;
			productType = "com.apple.product-type.bundle.unit-test";
		};
/* End PBXNativeTarget section */

/* Begin PBXProject section */
		C1C774C31FA3E28300AD269F /* Project object */ = {
			isa = PBXProject;
			attributes = {
				LastSwiftUpdateCheck = 0900;
				LastUpgradeCheck = 0900;
				ORGANIZATIONNAME = "Randy Haid";
				TargetAttributes = {
					C1C774CA1FA3E28300AD269F = {
						CreatedOnToolsVersion = 9.0.1;
						ProvisioningStyle = Automatic;
					};
					C1C774DF1FA3E28300AD269F = {
						CreatedOnToolsVersion = 9.0.1;
						ProvisioningStyle = Automatic;
						TestTargetID = C1C774CA1FA3E28300AD269F;
					};
				};
			};
			buildConfigurationList = C1C774C61FA3E28300AD269F /* Build configuration list for PBXProject "Ernie" */;
			compatibilityVersion = "Xcode 8.0";
			developmentRegion = en;
			hasScannedForEncodings = 0;
			knownRegions = (
				en,
				Base,
			);
			mainGroup = C1C774C21FA3E28300AD269F;
			productRefGroup = C1C774CC1FA3E28300AD269F /* Products */;
			projectDirPath = "";
			projectRoot = "";
			targets = (
				C1C774CA1FA3E28300AD269F /* Ernie */,
				C1C774DF1FA3E28300AD269F /* ErnieTests */,
			);
		};
/* End PBXProject section */

/* Begin PBXResourcesBuildPhase section */
		C1C774C91FA3E28300AD269F /* Resources */ = {
			isa = PBXResourcesBuildPhase;
			buildActionMask = 2147483647;
			files = (
				C1C774D61FA3E28300AD269F /* Assets.xcassets in Resources */,
				C1C774D91FA3E28300AD269F /* Main.storyboard in Resources */,
			);
			runOnlyForDeploymentPostprocessing = 0;
		};
		C1C774DE1FA3E28300AD269F /* Resources */ = {
			isa = PBXResourcesBuildPhase;
			buildActionMask = 2147483647;
			files = (
			);
			runOnlyForDeploymentPostprocessing = 0;
		};
/* End PBXResourcesBuildPhase section */

/* Begin PBXSourcesBuildPhase section */
		C1C774C71FA3E28300AD269F /* Sources */ = {
			isa = PBXSourcesBuildPhase;
			buildActionMask = 2147483647;
			files = (
				C1C774F11FA3EA7900AD269F /* EnvironmentRequirementDelegate.swift in Sources */,
				C1C774F51FA3ECFB00AD269F /* CommandLineHelper.swift in Sources */,
				C1C774D11FA3E28300AD269F /* ViewController.swift in Sources */,
				C190D4511FABBFA7002EFA5B /* NPMRequirement.swift in Sources */,
				C1C774F31FA3EC5E00AD269F /* NodeJSRequirement.swift in Sources */,
				C1E96C2A1FAA90AB00A460EA /* EnvironmentRequirement.swift in Sources */,
				C1C774CF1FA3E28300AD269F /* AppDelegate.swift in Sources */,
				C1C774D41FA3E28300AD269F /* Ernie.xcdatamodeld in Sources */,
			);
			runOnlyForDeploymentPostprocessing = 0;
		};
		C1C774DC1FA3E28300AD269F /* Sources */ = {
			isa = PBXSourcesBuildPhase;
			buildActionMask = 2147483647;
			files = (
				C1C774E51FA3E28300AD269F /* ErnieTests.swift in Sources */,
			);
			runOnlyForDeploymentPostprocessing = 0;
		};
/* End PBXSourcesBuildPhase section */

/* Begin PBXTargetDependency section */
		C1C774E21FA3E28300AD269F /* PBXTargetDependency */ = {
			isa = PBXTargetDependency;
			target = C1C774CA1FA3E28300AD269F /* Ernie */;
			targetProxy = C1C774E11FA3E28300AD269F /* PBXContainerItemProxy */;
		};
/* End PBXTargetDependency section */

/* Begin PBXVariantGroup section */
		C1C774D71FA3E28300AD269F /* Main.storyboard */ = {
			isa = PBXVariantGroup;
			children = (
				C1C774D81FA3E28300AD269F /* Base */,
			);
			name = Main.storyboard;
			sourceTree = "<group>";
		};
/* End PBXVariantGroup section */

/* Begin XCBuildConfiguration section */
		C1C774E71FA3E28300AD269F /* Debug */ = {
			isa = XCBuildConfiguration;
			buildSettings = {
				ALWAYS_SEARCH_USER_PATHS = NO;
				CLANG_ANALYZER_NONNULL = YES;
				CLANG_ANALYZER_NUMBER_OBJECT_CONVERSION = YES_AGGRESSIVE;
				CLANG_CXX_LANGUAGE_STANDARD = "gnu++14";
				CLANG_CXX_LIBRARY = "libc++";
				CLANG_ENABLE_MODULES = YES;
				CLANG_ENABLE_OBJC_ARC = YES;
				CLANG_WARN_BLOCK_CAPTURE_AUTORELEASING = YES;
				CLANG_WARN_BOOL_CONVERSION = YES;
				CLANG_WARN_COMMA = YES;
				CLANG_WARN_CONSTANT_CONVERSION = YES;
				CLANG_WARN_DIRECT_OBJC_ISA_USAGE = YES_ERROR;
				CLANG_WARN_DOCUMENTATION_COMMENTS = YES;
				CLANG_WARN_EMPTY_BODY = YES;
				CLANG_WARN_ENUM_CONVERSION = YES;
				CLANG_WARN_INFINITE_RECURSION = YES;
				CLANG_WARN_INT_CONVERSION = YES;
				CLANG_WARN_NON_LITERAL_NULL_CONVERSION = YES;
				CLANG_WARN_OBJC_LITERAL_CONVERSION = YES;
				CLANG_WARN_OBJC_ROOT_CLASS = YES_ERROR;
				CLANG_WARN_RANGE_LOOP_ANALYSIS = YES;
				CLANG_WARN_STRICT_PROTOTYPES = YES;
				CLANG_WARN_SUSPICIOUS_MOVE = YES;
				CLANG_WARN_UNGUARDED_AVAILABILITY = YES_AGGRESSIVE;
				CLANG_WARN_UNREACHABLE_CODE = YES;
				CLANG_WARN__DUPLICATE_METHOD_MATCH = YES;
				CODE_SIGN_IDENTITY = "-";
				COPY_PHASE_STRIP = NO;
				DEBUG_INFORMATION_FORMAT = dwarf;
				ENABLE_STRICT_OBJC_MSGSEND = YES;
				ENABLE_TESTABILITY = YES;
				GCC_C_LANGUAGE_STANDARD = gnu11;
				GCC_DYNAMIC_NO_PIC = NO;
				GCC_NO_COMMON_BLOCKS = YES;
				GCC_OPTIMIZATION_LEVEL = 0;
				GCC_PREPROCESSOR_DEFINITIONS = (
					"DEBUG=1",
					"$(inherited)",
				);
				GCC_WARN_64_TO_32_BIT_CONVERSION = YES;
				GCC_WARN_ABOUT_RETURN_TYPE = YES_ERROR;
				GCC_WARN_UNDECLARED_SELECTOR = YES;
				GCC_WARN_UNINITIALIZED_AUTOS = YES_AGGRESSIVE;
				GCC_WARN_UNUSED_FUNCTION = YES;
				GCC_WARN_UNUSED_VARIABLE = YES;
				MACOSX_DEPLOYMENT_TARGET = 10.12;
				MTL_ENABLE_DEBUG_INFO = YES;
				ONLY_ACTIVE_ARCH = YES;
				SDKROOT = macosx;
				SWIFT_ACTIVE_COMPILATION_CONDITIONS = DEBUG;
				SWIFT_OPTIMIZATION_LEVEL = "-Onone";
			};
			name = Debug;
		};
		C1C774E81FA3E28300AD269F /* Release */ = {
			isa = XCBuildConfiguration;
			buildSettings = {
				ALWAYS_SEARCH_USER_PATHS = NO;
				CLANG_ANALYZER_NONNULL = YES;
				CLANG_ANALYZER_NUMBER_OBJECT_CONVERSION = YES_AGGRESSIVE;
				CLANG_CXX_LANGUAGE_STANDARD = "gnu++14";
				CLANG_CXX_LIBRARY = "libc++";
				CLANG_ENABLE_MODULES = YES;
				CLANG_ENABLE_OBJC_ARC = YES;
				CLANG_WARN_BLOCK_CAPTURE_AUTORELEASING = YES;
				CLANG_WARN_BOOL_CONVERSION = YES;
				CLANG_WARN_COMMA = YES;
				CLANG_WARN_CONSTANT_CONVERSION = YES;
				CLANG_WARN_DIRECT_OBJC_ISA_USAGE = YES_ERROR;
				CLANG_WARN_DOCUMENTATION_COMMENTS = YES;
				CLANG_WARN_EMPTY_BODY = YES;
				CLANG_WARN_ENUM_CONVERSION = YES;
				CLANG_WARN_INFINITE_RECURSION = YES;
				CLANG_WARN_INT_CONVERSION = YES;
				CLANG_WARN_NON_LITERAL_NULL_CONVERSION = YES;
				CLANG_WARN_OBJC_LITERAL_CONVERSION = YES;
				CLANG_WARN_OBJC_ROOT_CLASS = YES_ERROR;
				CLANG_WARN_RANGE_LOOP_ANALYSIS = YES;
				CLANG_WARN_STRICT_PROTOTYPES = YES;
				CLANG_WARN_SUSPICIOUS_MOVE = YES;
				CLANG_WARN_UNGUARDED_AVAILABILITY = YES_AGGRESSIVE;
				CLANG_WARN_UNREACHABLE_CODE = YES;
				CLANG_WARN__DUPLICATE_METHOD_MATCH = YES;
				CODE_SIGN_IDENTITY = "-";
				COPY_PHASE_STRIP = NO;
				DEBUG_INFORMATION_FORMAT = "dwarf-with-dsym";
				ENABLE_NS_ASSERTIONS = NO;
				ENABLE_STRICT_OBJC_MSGSEND = YES;
				GCC_C_LANGUAGE_STANDARD = gnu11;
				GCC_NO_COMMON_BLOCKS = YES;
				GCC_WARN_64_TO_32_BIT_CONVERSION = YES;
				GCC_WARN_ABOUT_RETURN_TYPE = YES_ERROR;
				GCC_WARN_UNDECLARED_SELECTOR = YES;
				GCC_WARN_UNINITIALIZED_AUTOS = YES_AGGRESSIVE;
				GCC_WARN_UNUSED_FUNCTION = YES;
				GCC_WARN_UNUSED_VARIABLE = YES;
				MACOSX_DEPLOYMENT_TARGET = 10.12;
				MTL_ENABLE_DEBUG_INFO = NO;
				SDKROOT = macosx;
				SWIFT_OPTIMIZATION_LEVEL = "-Owholemodule";
			};
			name = Release;
		};
		C1C774EA1FA3E28300AD269F /* Debug */ = {
			isa = XCBuildConfiguration;
			buildSettings = {
				ASSETCATALOG_COMPILER_APPICON_NAME = AppIcon;
				CODE_SIGN_ENTITLEMENTS = Ernie/Ernie.entitlements;
				CODE_SIGN_STYLE = Automatic;
				COMBINE_HIDPI_IMAGES = YES;
				INFOPLIST_FILE = Ernie/Info.plist;
				LD_RUNPATH_SEARCH_PATHS = "$(inherited) @executable_path/../Frameworks";
				PRODUCT_BUNDLE_IDENTIFIER = WalmartLabs.Ernie;
				PRODUCT_NAME = "$(TARGET_NAME)";
				SWIFT_VERSION = 4.0;
			};
			name = Debug;
		};
		C1C774EB1FA3E28300AD269F /* Release */ = {
			isa = XCBuildConfiguration;
			buildSettings = {
				ASSETCATALOG_COMPILER_APPICON_NAME = AppIcon;
				CODE_SIGN_ENTITLEMENTS = Ernie/Ernie.entitlements;
				CODE_SIGN_STYLE = Automatic;
				COMBINE_HIDPI_IMAGES = YES;
				INFOPLIST_FILE = Ernie/Info.plist;
				LD_RUNPATH_SEARCH_PATHS = "$(inherited) @executable_path/../Frameworks";
				PRODUCT_BUNDLE_IDENTIFIER = WalmartLabs.Ernie;
				PRODUCT_NAME = "$(TARGET_NAME)";
				SWIFT_VERSION = 4.0;
			};
			name = Release;
		};
		C1C774ED1FA3E28300AD269F /* Debug */ = {
			isa = XCBuildConfiguration;
			buildSettings = {
				ALWAYS_EMBED_SWIFT_STANDARD_LIBRARIES = YES;
				BUNDLE_LOADER = "$(TEST_HOST)";
				CODE_SIGN_STYLE = Automatic;
				COMBINE_HIDPI_IMAGES = YES;
				INFOPLIST_FILE = ErnieTests/Info.plist;
				LD_RUNPATH_SEARCH_PATHS = "$(inherited) @executable_path/../Frameworks @loader_path/../Frameworks";
				PRODUCT_BUNDLE_IDENTIFIER = WalmartLabs.ErnieTests;
				PRODUCT_NAME = "$(TARGET_NAME)";
				SWIFT_VERSION = 4.0;
				TEST_HOST = "$(BUILT_PRODUCTS_DIR)/Ernie.app/Contents/MacOS/Ernie";
			};
			name = Debug;
		};
		C1C774EE1FA3E28300AD269F /* Release */ = {
			isa = XCBuildConfiguration;
			buildSettings = {
				ALWAYS_EMBED_SWIFT_STANDARD_LIBRARIES = YES;
				BUNDLE_LOADER = "$(TEST_HOST)";
				CODE_SIGN_STYLE = Automatic;
				COMBINE_HIDPI_IMAGES = YES;
				INFOPLIST_FILE = ErnieTests/Info.plist;
				LD_RUNPATH_SEARCH_PATHS = "$(inherited) @executable_path/../Frameworks @loader_path/../Frameworks";
				PRODUCT_BUNDLE_IDENTIFIER = WalmartLabs.ErnieTests;
				PRODUCT_NAME = "$(TARGET_NAME)";
				SWIFT_VERSION = 4.0;
				TEST_HOST = "$(BUILT_PRODUCTS_DIR)/Ernie.app/Contents/MacOS/Ernie";
			};
			name = Release;
		};
/* End XCBuildConfiguration section */

/* Begin XCConfigurationList section */
		C1C774C61FA3E28300AD269F /* Build configuration list for PBXProject "Ernie" */ = {
			isa = XCConfigurationList;
			buildConfigurations = (
				C1C774E71FA3E28300AD269F /* Debug */,
				C1C774E81FA3E28300AD269F /* Release */,
			);
			defaultConfigurationIsVisible = 0;
			defaultConfigurationName = Release;
		};
		C1C774E91FA3E28300AD269F /* Build configuration list for PBXNativeTarget "Ernie" */ = {
			isa = XCConfigurationList;
			buildConfigurations = (
				C1C774EA1FA3E28300AD269F /* Debug */,
				C1C774EB1FA3E28300AD269F /* Release */,
			);
			defaultConfigurationIsVisible = 0;
			defaultConfigurationName = Release;
		};
		C1C774EC1FA3E28300AD269F /* Build configuration list for PBXNativeTarget "ErnieTests" */ = {
			isa = XCConfigurationList;
			buildConfigurations = (
				C1C774ED1FA3E28300AD269F /* Debug */,
				C1C774EE1FA3E28300AD269F /* Release */,
			);
			defaultConfigurationIsVisible = 0;
			defaultConfigurationName = Release;
		};
/* End XCConfigurationList section */

/* Begin XCVersionGroup section */
		C1C774D21FA3E28300AD269F /* Ernie.xcdatamodeld */ = {
			isa = XCVersionGroup;
			children = (
				C1C774D31FA3E28300AD269F /* Ernie.xcdatamodel */,
			);
			currentVersion = C1C774D31FA3E28300AD269F /* Ernie.xcdatamodel */;
			path = Ernie.xcdatamodeld;
			sourceTree = "<group>";
			versionGroupType = wrapper.xcdatamodel;
		};
/* End XCVersionGroup section */
	};
	rootObject = C1C774C31FA3E28300AD269F /* Project object */;
}
